// !$*UTF8*$!
{
	archiveVersion = 1;
	classes = {
	};
	objectVersion = 46;
	objects = {

/* Begin PBXBuildFile section */
		00161C363911308DC60C5CA6 /* libPods-demoapp-demoappTests.a in Frameworks */ = {isa = PBXBuildFile; fileRef = 798DA666EB7745526FE3DBFC /* libPods-demoapp-demoappTests.a */; };
		00E356F31AD99517003FC87E /* demoappTests.m in Sources */ = {isa = PBXBuildFile; fileRef = 00E356F21AD99517003FC87E /* demoappTests.m */; };
		13B07FBC1A68108700A75B9A /* AppDelegate.m in Sources */ = {isa = PBXBuildFile; fileRef = 13B07FB01A68108700A75B9A /* AppDelegate.m */; };
		13B07FBF1A68108700A75B9A /* Images.xcassets in Resources */ = {isa = PBXBuildFile; fileRef = 13B07FB51A68108700A75B9A /* Images.xcassets */; };
		13B07FC11A68108700A75B9A /* main.m in Sources */ = {isa = PBXBuildFile; fileRef = 13B07FB71A68108700A75B9A /* main.m */; };
		16DF76F5D99A03FE017C977C /* libPods-demoapp-tvOSTests.a in Frameworks */ = {isa = PBXBuildFile; fileRef = EC9A444BEDE77A98C6F01D35 /* libPods-demoapp-tvOSTests.a */; };
		2D02E4BC1E0B4A80006451C7 /* AppDelegate.m in Sources */ = {isa = PBXBuildFile; fileRef = 13B07FB01A68108700A75B9A /* AppDelegate.m */; };
		2D02E4BD1E0B4A84006451C7 /* Images.xcassets in Resources */ = {isa = PBXBuildFile; fileRef = 13B07FB51A68108700A75B9A /* Images.xcassets */; };
		2D02E4BF1E0B4AB3006451C7 /* main.m in Sources */ = {isa = PBXBuildFile; fileRef = 13B07FB71A68108700A75B9A /* main.m */; };
		2DCD954D1E0B4F2C00145EB5 /* demoappTests.m in Sources */ = {isa = PBXBuildFile; fileRef = 00E356F21AD99517003FC87E /* demoappTests.m */; };
		81AB9BB82411601600AC10FF /* LaunchScreen.storyboard in Resources */ = {isa = PBXBuildFile; fileRef = 81AB9BB72411601600AC10FF /* LaunchScreen.storyboard */; };
		9C57445EF2F705B9829B18F2 /* libPods-demoapp.a in Frameworks */ = {isa = PBXBuildFile; fileRef = 416BDC75A773531B80873674 /* libPods-demoapp.a */; };
		D8C13670DC93C8C644E4C2FD /* libPods-demoapp-tvOS.a in Frameworks */ = {isa = PBXBuildFile; fileRef = CD12629B1B3195144E766520 /* libPods-demoapp-tvOS.a */; };
		83FC4A46827A49E3AF734F56 /* Barlow-Black.ttf in Resources */ = {isa = PBXBuildFile; fileRef = 16386C4CB24A491990258CC1 /* Barlow-Black.ttf */; };
		89248F11533D4FF9B5365813 /* Barlow-BlackItalic.ttf in Resources */ = {isa = PBXBuildFile; fileRef = 41871DE268F9494F996E0CC3 /* Barlow-BlackItalic.ttf */; };
		886BA0B2BFE849ABB1599191 /* Barlow-Bold.ttf in Resources */ = {isa = PBXBuildFile; fileRef = C612CB802DEF4029917EE75C /* Barlow-Bold.ttf */; };
		260CD21EED654C45B7785867 /* Barlow-BoldItalic.ttf in Resources */ = {isa = PBXBuildFile; fileRef = D0E8FA2D8FAA451D9C574201 /* Barlow-BoldItalic.ttf */; };
		153BD9895C6E4E00B65C9FED /* Barlow-ExtraBold.ttf in Resources */ = {isa = PBXBuildFile; fileRef = 48DDDF5EACBE4EC083D72D8F /* Barlow-ExtraBold.ttf */; };
		9D1304CBE3AB4BD184F1DD28 /* Barlow-ExtraBoldItalic.ttf in Resources */ = {isa = PBXBuildFile; fileRef = 2A45E65DFD9442FE8535D521 /* Barlow-ExtraBoldItalic.ttf */; };
		47AACFED73A54061AF328B65 /* Barlow-ExtraLight.ttf in Resources */ = {isa = PBXBuildFile; fileRef = C66C79577125494CB5706E4A /* Barlow-ExtraLight.ttf */; };
		2907CEEA70C34CA5B4A2CB7C /* Barlow-ExtraLightItalic.ttf in Resources */ = {isa = PBXBuildFile; fileRef = 9C1249E4C82F4CC291BB454F /* Barlow-ExtraLightItalic.ttf */; };
		7652B8B8371A434E83ACBFC4 /* Barlow-Italic.ttf in Resources */ = {isa = PBXBuildFile; fileRef = 6D44CF2CB1E0406F974CC06D /* Barlow-Italic.ttf */; };
		F705B84162924D43B9FB889E /* Barlow-Light.ttf in Resources */ = {isa = PBXBuildFile; fileRef = F7C460F40A5945FDBA929DC1 /* Barlow-Light.ttf */; };
		2021A369E2CB4A7ABEF9B14B /* Barlow-LightItalic.ttf in Resources */ = {isa = PBXBuildFile; fileRef = 5896F91671A84EE89527C333 /* Barlow-LightItalic.ttf */; };
		CD5ED43CB35948BBA7441915 /* Barlow-Medium.ttf in Resources */ = {isa = PBXBuildFile; fileRef = 46CC0BF719234E8691798151 /* Barlow-Medium.ttf */; };
		07B3C6C57E0A474BA68F44EA /* Barlow-MediumItalic.ttf in Resources */ = {isa = PBXBuildFile; fileRef = 49C5CEEBF8E34A09A629E146 /* Barlow-MediumItalic.ttf */; };
		19FDA66A3954435895D43E5F /* Barlow-Regular.ttf in Resources */ = {isa = PBXBuildFile; fileRef = DDF110DF79704D9F951DC6CF /* Barlow-Regular.ttf */; };
		EADFD372F1E9449E91C5D17E /* Barlow-SemiBold.ttf in Resources */ = {isa = PBXBuildFile; fileRef = AF8370F93F894628A4499A86 /* Barlow-SemiBold.ttf */; };
		0C3DC158DB4F4AE89B0CCF3D /* Barlow-SemiBoldItalic.ttf in Resources */ = {isa = PBXBuildFile; fileRef = 2306D4C67F2846499AD66290 /* Barlow-SemiBoldItalic.ttf */; };
		153102F4D35A4BD5846EDF55 /* Barlow-Thin.ttf in Resources */ = {isa = PBXBuildFile; fileRef = EB928201A1F143F3808CCC97 /* Barlow-Thin.ttf */; };
		B924F7129118459B8B148798 /* Barlow-ThinItalic.ttf in Resources */ = {isa = PBXBuildFile; fileRef = 9DD8736EE5594ADB9678FF4B /* Barlow-ThinItalic.ttf */; };
		CA7AFBE78BB242EDA16F9D97 /* BarlowCondensed-Black.ttf in Resources */ = {isa = PBXBuildFile; fileRef = DCCFA901388743B88F3EB683 /* BarlowCondensed-Black.ttf */; };
		4C9E5CA15E044F5FBA2F9EFE /* BarlowCondensed-BlackItalic.ttf in Resources */ = {isa = PBXBuildFile; fileRef = 205277AE84E848578409C29B /* BarlowCondensed-BlackItalic.ttf */; };
		AF44C64C01B54AADB8597954 /* BarlowCondensed-Bold.ttf in Resources */ = {isa = PBXBuildFile; fileRef = CFB96CAC60FE40B185EF9177 /* BarlowCondensed-Bold.ttf */; };
		54DAA45ACD2744E4A083C604 /* BarlowCondensed-BoldItalic.ttf in Resources */ = {isa = PBXBuildFile; fileRef = 4802C793355C4FE991C96BE9 /* BarlowCondensed-BoldItalic.ttf */; };
		402A5D51F66E49FDAD1F122F /* BarlowCondensed-ExtraBold.ttf in Resources */ = {isa = PBXBuildFile; fileRef = 6BC8DC5A6FA54A34B7AF9B8E /* BarlowCondensed-ExtraBold.ttf */; };
		2F023EE9D26147A0A4A8D12A /* BarlowCondensed-ExtraBoldItalic.ttf in Resources */ = {isa = PBXBuildFile; fileRef = 27B82A4C2D3D45048802AD60 /* BarlowCondensed-ExtraBoldItalic.ttf */; };
		D0F96EFA91C6492AB9CBFCDC /* BarlowCondensed-ExtraLight.ttf in Resources */ = {isa = PBXBuildFile; fileRef = 594F34A8BA444F0EB0E1E5C8 /* BarlowCondensed-ExtraLight.ttf */; };
		0AAF349701754BE199C6E358 /* BarlowCondensed-ExtraLightItalic.ttf in Resources */ = {isa = PBXBuildFile; fileRef = 8BBF22F9DBB74381A215FF16 /* BarlowCondensed-ExtraLightItalic.ttf */; };
		AE4ED075F1EA4CCF8B755031 /* BarlowCondensed-Italic.ttf in Resources */ = {isa = PBXBuildFile; fileRef = 4B2EA59FC79240929B8BB9E2 /* BarlowCondensed-Italic.ttf */; };
		E7A120D1F80646E68D6F667F /* BarlowCondensed-Light.ttf in Resources */ = {isa = PBXBuildFile; fileRef = 64BC50BEF7CE4EB8934EBB42 /* BarlowCondensed-Light.ttf */; };
		3EF401BBC9F14660ACD16FEB /* BarlowCondensed-LightItalic.ttf in Resources */ = {isa = PBXBuildFile; fileRef = 9D5C5DA3538B4B838CD32806 /* BarlowCondensed-LightItalic.ttf */; };
		F31FC22450A3411F929AC4EE /* BarlowCondensed-Medium.ttf in Resources */ = {isa = PBXBuildFile; fileRef = CC3415EF9F5A41D28243F28C /* BarlowCondensed-Medium.ttf */; };
		33D7332F761C46C5836F53CB /* BarlowCondensed-MediumItalic.ttf in Resources */ = {isa = PBXBuildFile; fileRef = E10E191F40BA4B058C2180C8 /* BarlowCondensed-MediumItalic.ttf */; };
		BA2F2A5AD15B403BA0C698B1 /* BarlowCondensed-Regular.ttf in Resources */ = {isa = PBXBuildFile; fileRef = 7AAA087950DA4D74A0B97282 /* BarlowCondensed-Regular.ttf */; };
		A4A61FF26D374243AC1C1D54 /* BarlowCondensed-SemiBold.ttf in Resources */ = {isa = PBXBuildFile; fileRef = FC407A336E0B46BC8E9EBF90 /* BarlowCondensed-SemiBold.ttf */; };
		97D1A7C4D3DF48E49D7BA776 /* BarlowCondensed-SemiBoldItalic.ttf in Resources */ = {isa = PBXBuildFile; fileRef = 2512719682274FCA81703098 /* BarlowCondensed-SemiBoldItalic.ttf */; };
		AB028E44EB5742089CF8F18E /* BarlowCondensed-Thin.ttf in Resources */ = {isa = PBXBuildFile; fileRef = CC6390861C734C6AB34A8789 /* BarlowCondensed-Thin.ttf */; };
		191F9AE3F447401A876C0CA6 /* BarlowCondensed-ThinItalic.ttf in Resources */ = {isa = PBXBuildFile; fileRef = DE928919AD0849CEB60B39D0 /* BarlowCondensed-ThinItalic.ttf */; };
		BA7163CD25DD4EB4BDDAC95F /* AntDesign.ttf in Resources */ = {isa = PBXBuildFile; fileRef = 9207CF2C991C4CA3B43B9742 /* AntDesign.ttf */; };
		FB333EE049CC46CDB36EA685 /* Entypo.ttf in Resources */ = {isa = PBXBuildFile; fileRef = 687D6F7C376A408F8642458D /* Entypo.ttf */; };
		A3F56B7B0DB147E1BC4F536A /* EvilIcons.ttf in Resources */ = {isa = PBXBuildFile; fileRef = 61E571D596644171BCFE9399 /* EvilIcons.ttf */; };
		9374A0FA630F46309AEB5F8C /* Feather.ttf in Resources */ = {isa = PBXBuildFile; fileRef = 85177C052C234E90AC4196D1 /* Feather.ttf */; };
		E1508B4E759C472380DDF12C /* FontAwesome.ttf in Resources */ = {isa = PBXBuildFile; fileRef = A8650DED64F94FAC99CC1833 /* FontAwesome.ttf */; };
		4E7134CFE4AC4331BB644FE1 /* FontAwesome5_Brands.ttf in Resources */ = {isa = PBXBuildFile; fileRef = 564CAC9DE1554119AA61AA75 /* FontAwesome5_Brands.ttf */; };
		2C50E9E59CF14DDB99B4B95F /* FontAwesome5_Regular.ttf in Resources */ = {isa = PBXBuildFile; fileRef = AAED0D9E2EFA43BB86C747B7 /* FontAwesome5_Regular.ttf */; };
		DE4FA5A4DAA248A0BA7902BE /* FontAwesome5_Solid.ttf in Resources */ = {isa = PBXBuildFile; fileRef = 63FB30D1020B452285FFE760 /* FontAwesome5_Solid.ttf */; };
		7853729D73FF4C5DA376CEFB /* Fontisto.ttf in Resources */ = {isa = PBXBuildFile; fileRef = 5A20D6F70E90406BAFEB6232 /* Fontisto.ttf */; };
		FFEEA9447639414DB16E906A /* Foundation.ttf in Resources */ = {isa = PBXBuildFile; fileRef = 59FAD3D8989742B59809A146 /* Foundation.ttf */; };
		118FAD8BA0A64A0EA438591C /* Ionicons.ttf in Resources */ = {isa = PBXBuildFile; fileRef = 62443339719A40EB9027B674 /* Ionicons.ttf */; };
		9C171B9E2A6343B2A31E9E02 /* MaterialCommunityIcons.ttf in Resources */ = {isa = PBXBuildFile; fileRef = AD3AD76A8869421FABFF4B19 /* MaterialCommunityIcons.ttf */; };
		ABC29F3576D549ABB99F2C29 /* MaterialIcons.ttf in Resources */ = {isa = PBXBuildFile; fileRef = 02DAA4706885434C8D78B50C /* MaterialIcons.ttf */; };
		031ACE27463B42658E73AC3F /* Octicons.ttf in Resources */ = {isa = PBXBuildFile; fileRef = 35F5B785C1014E578A8AA790 /* Octicons.ttf */; };
		FBC213D242D04DD3935696F5 /* SimpleLineIcons.ttf in Resources */ = {isa = PBXBuildFile; fileRef = 818BA8C72C624FB2B4E6D04A /* SimpleLineIcons.ttf */; };
		9537A6A90EC3471F98A2DEA3 /* Zocial.ttf in Resources */ = {isa = PBXBuildFile; fileRef = 1CB853C33725480A92D40117 /* Zocial.ttf */; };
/* End PBXBuildFile section */

/* Begin PBXContainerItemProxy section */
		00E356F41AD99517003FC87E /* PBXContainerItemProxy */ = {
			isa = PBXContainerItemProxy;
			containerPortal = 83CBB9F71A601CBA00E9B192 /* Project object */;
			proxyType = 1;
			remoteGlobalIDString = 13B07F861A680F5B00A75B9A;
			remoteInfo = demoapp;
		};
		2D02E4911E0B4A5D006451C7 /* PBXContainerItemProxy */ = {
			isa = PBXContainerItemProxy;
			containerPortal = 83CBB9F71A601CBA00E9B192 /* Project object */;
			proxyType = 1;
			remoteGlobalIDString = 2D02E47A1E0B4A5D006451C7;
			remoteInfo = "demoapp-tvOS";
		};
/* End PBXContainerItemProxy section */

/* Begin PBXFileReference section */
		008F07F21AC5B25A0029DE68 /* main.jsbundle */ = {isa = PBXFileReference; fileEncoding = 4; lastKnownFileType = text; path = main.jsbundle; sourceTree = "<group>"; };
		00E356EE1AD99517003FC87E /* demoappTests.xctest */ = {isa = PBXFileReference; explicitFileType = wrapper.cfbundle; includeInIndex = 0; path = demoappTests.xctest; sourceTree = BUILT_PRODUCTS_DIR; };
		00E356F11AD99517003FC87E /* Info.plist */ = {isa = PBXFileReference; lastKnownFileType = text.plist.xml; path = Info.plist; sourceTree = "<group>"; };
		00E356F21AD99517003FC87E /* demoappTests.m */ = {isa = PBXFileReference; lastKnownFileType = sourcecode.c.objc; path = demoappTests.m; sourceTree = "<group>"; };
		0F3D9FE11198A8A1B20CD5DA /* Pods-demoapp-tvOSTests.debug.xcconfig */ = {isa = PBXFileReference; includeInIndex = 1; lastKnownFileType = text.xcconfig; name = "Pods-demoapp-tvOSTests.debug.xcconfig"; path = "Target Support Files/Pods-demoapp-tvOSTests/Pods-demoapp-tvOSTests.debug.xcconfig"; sourceTree = "<group>"; };
		13B07F961A680F5B00A75B9A /* demoapp.app */ = {isa = PBXFileReference; explicitFileType = wrapper.application; includeInIndex = 0; path = demoapp.app; sourceTree = BUILT_PRODUCTS_DIR; };
		13B07FAF1A68108700A75B9A /* AppDelegate.h */ = {isa = PBXFileReference; fileEncoding = 4; lastKnownFileType = sourcecode.c.h; name = AppDelegate.h; path = demoapp/AppDelegate.h; sourceTree = "<group>"; };
		13B07FB01A68108700A75B9A /* AppDelegate.m */ = {isa = PBXFileReference; fileEncoding = 4; lastKnownFileType = sourcecode.c.objc; name = AppDelegate.m; path = demoapp/AppDelegate.m; sourceTree = "<group>"; };
		13B07FB51A68108700A75B9A /* Images.xcassets */ = {isa = PBXFileReference; lastKnownFileType = folder.assetcatalog; name = Images.xcassets; path = demoapp/Images.xcassets; sourceTree = "<group>"; };
		13B07FB61A68108700A75B9A /* Info.plist */ = {isa = PBXFileReference; fileEncoding = 4; lastKnownFileType = text.plist.xml; name = Info.plist; path = demoapp/Info.plist; sourceTree = "<group>"; };
		13B07FB71A68108700A75B9A /* main.m */ = {isa = PBXFileReference; fileEncoding = 4; lastKnownFileType = sourcecode.c.objc; name = main.m; path = demoapp/main.m; sourceTree = "<group>"; };
		2D02E47B1E0B4A5D006451C7 /* demoapp-tvOS.app */ = {isa = PBXFileReference; explicitFileType = wrapper.application; includeInIndex = 0; path = "demoapp-tvOS.app"; sourceTree = BUILT_PRODUCTS_DIR; };
		2D02E4901E0B4A5D006451C7 /* demoapp-tvOSTests.xctest */ = {isa = PBXFileReference; explicitFileType = wrapper.cfbundle; includeInIndex = 0; path = "demoapp-tvOSTests.xctest"; sourceTree = BUILT_PRODUCTS_DIR; };
		416BDC75A773531B80873674 /* libPods-demoapp.a */ = {isa = PBXFileReference; explicitFileType = archive.ar; includeInIndex = 0; path = "libPods-demoapp.a"; sourceTree = BUILT_PRODUCTS_DIR; };
		50FD608A2800E48EDBB476A6 /* Pods-demoapp-tvOS.debug.xcconfig */ = {isa = PBXFileReference; includeInIndex = 1; lastKnownFileType = text.xcconfig; name = "Pods-demoapp-tvOS.debug.xcconfig"; path = "Target Support Files/Pods-demoapp-tvOS/Pods-demoapp-tvOS.debug.xcconfig"; sourceTree = "<group>"; };
		586D8638B90C41E07FC50BF8 /* Pods-demoapp-demoappTests.debug.xcconfig */ = {isa = PBXFileReference; includeInIndex = 1; lastKnownFileType = text.xcconfig; name = "Pods-demoapp-demoappTests.debug.xcconfig"; path = "Target Support Files/Pods-demoapp-demoappTests/Pods-demoapp-demoappTests.debug.xcconfig"; sourceTree = "<group>"; };
		6835A536F5723BE782A079FF /* Pods-demoapp.debug.xcconfig */ = {isa = PBXFileReference; includeInIndex = 1; lastKnownFileType = text.xcconfig; name = "Pods-demoapp.debug.xcconfig"; path = "Target Support Files/Pods-demoapp/Pods-demoapp.debug.xcconfig"; sourceTree = "<group>"; };
		73F5549D59B484F0652BEEF0 /* Pods-demoapp-tvOS.release.xcconfig */ = {isa = PBXFileReference; includeInIndex = 1; lastKnownFileType = text.xcconfig; name = "Pods-demoapp-tvOS.release.xcconfig"; path = "Target Support Files/Pods-demoapp-tvOS/Pods-demoapp-tvOS.release.xcconfig"; sourceTree = "<group>"; };
		798DA666EB7745526FE3DBFC /* libPods-demoapp-demoappTests.a */ = {isa = PBXFileReference; explicitFileType = archive.ar; includeInIndex = 0; path = "libPods-demoapp-demoappTests.a"; sourceTree = BUILT_PRODUCTS_DIR; };
		7D2598DDA0298C894F76CFF5 /* Pods-demoapp-tvOSTests.release.xcconfig */ = {isa = PBXFileReference; includeInIndex = 1; lastKnownFileType = text.xcconfig; name = "Pods-demoapp-tvOSTests.release.xcconfig"; path = "Target Support Files/Pods-demoapp-tvOSTests/Pods-demoapp-tvOSTests.release.xcconfig"; sourceTree = "<group>"; };
		81AB9BB72411601600AC10FF /* LaunchScreen.storyboard */ = {isa = PBXFileReference; fileEncoding = 4; lastKnownFileType = file.storyboard; name = LaunchScreen.storyboard; path = demoapp/LaunchScreen.storyboard; sourceTree = "<group>"; };
		8DE4DC57646607077082B95E /* Pods-demoapp.release.xcconfig */ = {isa = PBXFileReference; includeInIndex = 1; lastKnownFileType = text.xcconfig; name = "Pods-demoapp.release.xcconfig"; path = "Target Support Files/Pods-demoapp/Pods-demoapp.release.xcconfig"; sourceTree = "<group>"; };
		A35804C17F83F93DD8110337 /* Pods-demoapp-demoappTests.release.xcconfig */ = {isa = PBXFileReference; includeInIndex = 1; lastKnownFileType = text.xcconfig; name = "Pods-demoapp-demoappTests.release.xcconfig"; path = "Target Support Files/Pods-demoapp-demoappTests/Pods-demoapp-demoappTests.release.xcconfig"; sourceTree = "<group>"; };
		CD12629B1B3195144E766520 /* libPods-demoapp-tvOS.a */ = {isa = PBXFileReference; explicitFileType = archive.ar; includeInIndex = 0; path = "libPods-demoapp-tvOS.a"; sourceTree = BUILT_PRODUCTS_DIR; };
		EC9A444BEDE77A98C6F01D35 /* libPods-demoapp-tvOSTests.a */ = {isa = PBXFileReference; explicitFileType = archive.ar; includeInIndex = 0; path = "libPods-demoapp-tvOSTests.a"; sourceTree = BUILT_PRODUCTS_DIR; };
		ED297162215061F000B7C4FE /* JavaScriptCore.framework */ = {isa = PBXFileReference; lastKnownFileType = wrapper.framework; name = JavaScriptCore.framework; path = System/Library/Frameworks/JavaScriptCore.framework; sourceTree = SDKROOT; };
		ED2971642150620600B7C4FE /* JavaScriptCore.framework */ = {isa = PBXFileReference; lastKnownFileType = wrapper.framework; name = JavaScriptCore.framework; path = Platforms/AppleTVOS.platform/Developer/SDKs/AppleTVOS12.0.sdk/System/Library/Frameworks/JavaScriptCore.framework; sourceTree = DEVELOPER_DIR; };
		16386C4CB24A491990258CC1 /* Barlow-Black.ttf */ = {isa = PBXFileReference; name = "Barlow-Black.ttf"; path = "../app/assets/fonts/Barlow-Black.ttf"; sourceTree = "<group>"; fileEncoding = undefined; lastKnownFileType = unknown; explicitFileType = undefined; includeInIndex = 0; };
		41871DE268F9494F996E0CC3 /* Barlow-BlackItalic.ttf */ = {isa = PBXFileReference; name = "Barlow-BlackItalic.ttf"; path = "../app/assets/fonts/Barlow-BlackItalic.ttf"; sourceTree = "<group>"; fileEncoding = undefined; lastKnownFileType = unknown; explicitFileType = undefined; includeInIndex = 0; };
		C612CB802DEF4029917EE75C /* Barlow-Bold.ttf */ = {isa = PBXFileReference; name = "Barlow-Bold.ttf"; path = "../app/assets/fonts/Barlow-Bold.ttf"; sourceTree = "<group>"; fileEncoding = undefined; lastKnownFileType = unknown; explicitFileType = undefined; includeInIndex = 0; };
		D0E8FA2D8FAA451D9C574201 /* Barlow-BoldItalic.ttf */ = {isa = PBXFileReference; name = "Barlow-BoldItalic.ttf"; path = "../app/assets/fonts/Barlow-BoldItalic.ttf"; sourceTree = "<group>"; fileEncoding = undefined; lastKnownFileType = unknown; explicitFileType = undefined; includeInIndex = 0; };
		48DDDF5EACBE4EC083D72D8F /* Barlow-ExtraBold.ttf */ = {isa = PBXFileReference; name = "Barlow-ExtraBold.ttf"; path = "../app/assets/fonts/Barlow-ExtraBold.ttf"; sourceTree = "<group>"; fileEncoding = undefined; lastKnownFileType = unknown; explicitFileType = undefined; includeInIndex = 0; };
		2A45E65DFD9442FE8535D521 /* Barlow-ExtraBoldItalic.ttf */ = {isa = PBXFileReference; name = "Barlow-ExtraBoldItalic.ttf"; path = "../app/assets/fonts/Barlow-ExtraBoldItalic.ttf"; sourceTree = "<group>"; fileEncoding = undefined; lastKnownFileType = unknown; explicitFileType = undefined; includeInIndex = 0; };
		C66C79577125494CB5706E4A /* Barlow-ExtraLight.ttf */ = {isa = PBXFileReference; name = "Barlow-ExtraLight.ttf"; path = "../app/assets/fonts/Barlow-ExtraLight.ttf"; sourceTree = "<group>"; fileEncoding = undefined; lastKnownFileType = unknown; explicitFileType = undefined; includeInIndex = 0; };
		9C1249E4C82F4CC291BB454F /* Barlow-ExtraLightItalic.ttf */ = {isa = PBXFileReference; name = "Barlow-ExtraLightItalic.ttf"; path = "../app/assets/fonts/Barlow-ExtraLightItalic.ttf"; sourceTree = "<group>"; fileEncoding = undefined; lastKnownFileType = unknown; explicitFileType = undefined; includeInIndex = 0; };
		6D44CF2CB1E0406F974CC06D /* Barlow-Italic.ttf */ = {isa = PBXFileReference; name = "Barlow-Italic.ttf"; path = "../app/assets/fonts/Barlow-Italic.ttf"; sourceTree = "<group>"; fileEncoding = undefined; lastKnownFileType = unknown; explicitFileType = undefined; includeInIndex = 0; };
		F7C460F40A5945FDBA929DC1 /* Barlow-Light.ttf */ = {isa = PBXFileReference; name = "Barlow-Light.ttf"; path = "../app/assets/fonts/Barlow-Light.ttf"; sourceTree = "<group>"; fileEncoding = undefined; lastKnownFileType = unknown; explicitFileType = undefined; includeInIndex = 0; };
		5896F91671A84EE89527C333 /* Barlow-LightItalic.ttf */ = {isa = PBXFileReference; name = "Barlow-LightItalic.ttf"; path = "../app/assets/fonts/Barlow-LightItalic.ttf"; sourceTree = "<group>"; fileEncoding = undefined; lastKnownFileType = unknown; explicitFileType = undefined; includeInIndex = 0; };
		46CC0BF719234E8691798151 /* Barlow-Medium.ttf */ = {isa = PBXFileReference; name = "Barlow-Medium.ttf"; path = "../app/assets/fonts/Barlow-Medium.ttf"; sourceTree = "<group>"; fileEncoding = undefined; lastKnownFileType = unknown; explicitFileType = undefined; includeInIndex = 0; };
		49C5CEEBF8E34A09A629E146 /* Barlow-MediumItalic.ttf */ = {isa = PBXFileReference; name = "Barlow-MediumItalic.ttf"; path = "../app/assets/fonts/Barlow-MediumItalic.ttf"; sourceTree = "<group>"; fileEncoding = undefined; lastKnownFileType = unknown; explicitFileType = undefined; includeInIndex = 0; };
		DDF110DF79704D9F951DC6CF /* Barlow-Regular.ttf */ = {isa = PBXFileReference; name = "Barlow-Regular.ttf"; path = "../app/assets/fonts/Barlow-Regular.ttf"; sourceTree = "<group>"; fileEncoding = undefined; lastKnownFileType = unknown; explicitFileType = undefined; includeInIndex = 0; };
		AF8370F93F894628A4499A86 /* Barlow-SemiBold.ttf */ = {isa = PBXFileReference; name = "Barlow-SemiBold.ttf"; path = "../app/assets/fonts/Barlow-SemiBold.ttf"; sourceTree = "<group>"; fileEncoding = undefined; lastKnownFileType = unknown; explicitFileType = undefined; includeInIndex = 0; };
		2306D4C67F2846499AD66290 /* Barlow-SemiBoldItalic.ttf */ = {isa = PBXFileReference; name = "Barlow-SemiBoldItalic.ttf"; path = "../app/assets/fonts/Barlow-SemiBoldItalic.ttf"; sourceTree = "<group>"; fileEncoding = undefined; lastKnownFileType = unknown; explicitFileType = undefined; includeInIndex = 0; };
		EB928201A1F143F3808CCC97 /* Barlow-Thin.ttf */ = {isa = PBXFileReference; name = "Barlow-Thin.ttf"; path = "../app/assets/fonts/Barlow-Thin.ttf"; sourceTree = "<group>"; fileEncoding = undefined; lastKnownFileType = unknown; explicitFileType = undefined; includeInIndex = 0; };
		9DD8736EE5594ADB9678FF4B /* Barlow-ThinItalic.ttf */ = {isa = PBXFileReference; name = "Barlow-ThinItalic.ttf"; path = "../app/assets/fonts/Barlow-ThinItalic.ttf"; sourceTree = "<group>"; fileEncoding = undefined; lastKnownFileType = unknown; explicitFileType = undefined; includeInIndex = 0; };
		DCCFA901388743B88F3EB683 /* BarlowCondensed-Black.ttf */ = {isa = PBXFileReference; name = "BarlowCondensed-Black.ttf"; path = "../app/assets/fonts/BarlowCondensed-Black.ttf"; sourceTree = "<group>"; fileEncoding = undefined; lastKnownFileType = unknown; explicitFileType = undefined; includeInIndex = 0; };
		205277AE84E848578409C29B /* BarlowCondensed-BlackItalic.ttf */ = {isa = PBXFileReference; name = "BarlowCondensed-BlackItalic.ttf"; path = "../app/assets/fonts/BarlowCondensed-BlackItalic.ttf"; sourceTree = "<group>"; fileEncoding = undefined; lastKnownFileType = unknown; explicitFileType = undefined; includeInIndex = 0; };
		CFB96CAC60FE40B185EF9177 /* BarlowCondensed-Bold.ttf */ = {isa = PBXFileReference; name = "BarlowCondensed-Bold.ttf"; path = "../app/assets/fonts/BarlowCondensed-Bold.ttf"; sourceTree = "<group>"; fileEncoding = undefined; lastKnownFileType = unknown; explicitFileType = undefined; includeInIndex = 0; };
		4802C793355C4FE991C96BE9 /* BarlowCondensed-BoldItalic.ttf */ = {isa = PBXFileReference; name = "BarlowCondensed-BoldItalic.ttf"; path = "../app/assets/fonts/BarlowCondensed-BoldItalic.ttf"; sourceTree = "<group>"; fileEncoding = undefined; lastKnownFileType = unknown; explicitFileType = undefined; includeInIndex = 0; };
		6BC8DC5A6FA54A34B7AF9B8E /* BarlowCondensed-ExtraBold.ttf */ = {isa = PBXFileReference; name = "BarlowCondensed-ExtraBold.ttf"; path = "../app/assets/fonts/BarlowCondensed-ExtraBold.ttf"; sourceTree = "<group>"; fileEncoding = undefined; lastKnownFileType = unknown; explicitFileType = undefined; includeInIndex = 0; };
		27B82A4C2D3D45048802AD60 /* BarlowCondensed-ExtraBoldItalic.ttf */ = {isa = PBXFileReference; name = "BarlowCondensed-ExtraBoldItalic.ttf"; path = "../app/assets/fonts/BarlowCondensed-ExtraBoldItalic.ttf"; sourceTree = "<group>"; fileEncoding = undefined; lastKnownFileType = unknown; explicitFileType = undefined; includeInIndex = 0; };
		594F34A8BA444F0EB0E1E5C8 /* BarlowCondensed-ExtraLight.ttf */ = {isa = PBXFileReference; name = "BarlowCondensed-ExtraLight.ttf"; path = "../app/assets/fonts/BarlowCondensed-ExtraLight.ttf"; sourceTree = "<group>"; fileEncoding = undefined; lastKnownFileType = unknown; explicitFileType = undefined; includeInIndex = 0; };
		8BBF22F9DBB74381A215FF16 /* BarlowCondensed-ExtraLightItalic.ttf */ = {isa = PBXFileReference; name = "BarlowCondensed-ExtraLightItalic.ttf"; path = "../app/assets/fonts/BarlowCondensed-ExtraLightItalic.ttf"; sourceTree = "<group>"; fileEncoding = undefined; lastKnownFileType = unknown; explicitFileType = undefined; includeInIndex = 0; };
		4B2EA59FC79240929B8BB9E2 /* BarlowCondensed-Italic.ttf */ = {isa = PBXFileReference; name = "BarlowCondensed-Italic.ttf"; path = "../app/assets/fonts/BarlowCondensed-Italic.ttf"; sourceTree = "<group>"; fileEncoding = undefined; lastKnownFileType = unknown; explicitFileType = undefined; includeInIndex = 0; };
		64BC50BEF7CE4EB8934EBB42 /* BarlowCondensed-Light.ttf */ = {isa = PBXFileReference; name = "BarlowCondensed-Light.ttf"; path = "../app/assets/fonts/BarlowCondensed-Light.ttf"; sourceTree = "<group>"; fileEncoding = undefined; lastKnownFileType = unknown; explicitFileType = undefined; includeInIndex = 0; };
		9D5C5DA3538B4B838CD32806 /* BarlowCondensed-LightItalic.ttf */ = {isa = PBXFileReference; name = "BarlowCondensed-LightItalic.ttf"; path = "../app/assets/fonts/BarlowCondensed-LightItalic.ttf"; sourceTree = "<group>"; fileEncoding = undefined; lastKnownFileType = unknown; explicitFileType = undefined; includeInIndex = 0; };
		CC3415EF9F5A41D28243F28C /* BarlowCondensed-Medium.ttf */ = {isa = PBXFileReference; name = "BarlowCondensed-Medium.ttf"; path = "../app/assets/fonts/BarlowCondensed-Medium.ttf"; sourceTree = "<group>"; fileEncoding = undefined; lastKnownFileType = unknown; explicitFileType = undefined; includeInIndex = 0; };
		E10E191F40BA4B058C2180C8 /* BarlowCondensed-MediumItalic.ttf */ = {isa = PBXFileReference; name = "BarlowCondensed-MediumItalic.ttf"; path = "../app/assets/fonts/BarlowCondensed-MediumItalic.ttf"; sourceTree = "<group>"; fileEncoding = undefined; lastKnownFileType = unknown; explicitFileType = undefined; includeInIndex = 0; };
		7AAA087950DA4D74A0B97282 /* BarlowCondensed-Regular.ttf */ = {isa = PBXFileReference; name = "BarlowCondensed-Regular.ttf"; path = "../app/assets/fonts/BarlowCondensed-Regular.ttf"; sourceTree = "<group>"; fileEncoding = undefined; lastKnownFileType = unknown; explicitFileType = undefined; includeInIndex = 0; };
		FC407A336E0B46BC8E9EBF90 /* BarlowCondensed-SemiBold.ttf */ = {isa = PBXFileReference; name = "BarlowCondensed-SemiBold.ttf"; path = "../app/assets/fonts/BarlowCondensed-SemiBold.ttf"; sourceTree = "<group>"; fileEncoding = undefined; lastKnownFileType = unknown; explicitFileType = undefined; includeInIndex = 0; };
		2512719682274FCA81703098 /* BarlowCondensed-SemiBoldItalic.ttf */ = {isa = PBXFileReference; name = "BarlowCondensed-SemiBoldItalic.ttf"; path = "../app/assets/fonts/BarlowCondensed-SemiBoldItalic.ttf"; sourceTree = "<group>"; fileEncoding = undefined; lastKnownFileType = unknown; explicitFileType = undefined; includeInIndex = 0; };
		CC6390861C734C6AB34A8789 /* BarlowCondensed-Thin.ttf */ = {isa = PBXFileReference; name = "BarlowCondensed-Thin.ttf"; path = "../app/assets/fonts/BarlowCondensed-Thin.ttf"; sourceTree = "<group>"; fileEncoding = undefined; lastKnownFileType = unknown; explicitFileType = undefined; includeInIndex = 0; };
		DE928919AD0849CEB60B39D0 /* BarlowCondensed-ThinItalic.ttf */ = {isa = PBXFileReference; name = "BarlowCondensed-ThinItalic.ttf"; path = "../app/assets/fonts/BarlowCondensed-ThinItalic.ttf"; sourceTree = "<group>"; fileEncoding = undefined; lastKnownFileType = unknown; explicitFileType = undefined; includeInIndex = 0; };
		9207CF2C991C4CA3B43B9742 /* AntDesign.ttf */ = {isa = PBXFileReference; name = "AntDesign.ttf"; path = "../node_modules/react-native-vector-icons/Fonts/AntDesign.ttf"; sourceTree = "<group>"; fileEncoding = undefined; lastKnownFileType = unknown; explicitFileType = undefined; includeInIndex = 0; };
		687D6F7C376A408F8642458D /* Entypo.ttf */ = {isa = PBXFileReference; name = "Entypo.ttf"; path = "../node_modules/react-native-vector-icons/Fonts/Entypo.ttf"; sourceTree = "<group>"; fileEncoding = undefined; lastKnownFileType = unknown; explicitFileType = undefined; includeInIndex = 0; };
		61E571D596644171BCFE9399 /* EvilIcons.ttf */ = {isa = PBXFileReference; name = "EvilIcons.ttf"; path = "../node_modules/react-native-vector-icons/Fonts/EvilIcons.ttf"; sourceTree = "<group>"; fileEncoding = undefined; lastKnownFileType = unknown; explicitFileType = undefined; includeInIndex = 0; };
		85177C052C234E90AC4196D1 /* Feather.ttf */ = {isa = PBXFileReference; name = "Feather.ttf"; path = "../node_modules/react-native-vector-icons/Fonts/Feather.ttf"; sourceTree = "<group>"; fileEncoding = undefined; lastKnownFileType = unknown; explicitFileType = undefined; includeInIndex = 0; };
		A8650DED64F94FAC99CC1833 /* FontAwesome.ttf */ = {isa = PBXFileReference; name = "FontAwesome.ttf"; path = "../node_modules/react-native-vector-icons/Fonts/FontAwesome.ttf"; sourceTree = "<group>"; fileEncoding = undefined; lastKnownFileType = unknown; explicitFileType = undefined; includeInIndex = 0; };
		564CAC9DE1554119AA61AA75 /* FontAwesome5_Brands.ttf */ = {isa = PBXFileReference; name = "FontAwesome5_Brands.ttf"; path = "../node_modules/react-native-vector-icons/Fonts/FontAwesome5_Brands.ttf"; sourceTree = "<group>"; fileEncoding = undefined; lastKnownFileType = unknown; explicitFileType = undefined; includeInIndex = 0; };
		AAED0D9E2EFA43BB86C747B7 /* FontAwesome5_Regular.ttf */ = {isa = PBXFileReference; name = "FontAwesome5_Regular.ttf"; path = "../node_modules/react-native-vector-icons/Fonts/FontAwesome5_Regular.ttf"; sourceTree = "<group>"; fileEncoding = undefined; lastKnownFileType = unknown; explicitFileType = undefined; includeInIndex = 0; };
		63FB30D1020B452285FFE760 /* FontAwesome5_Solid.ttf */ = {isa = PBXFileReference; name = "FontAwesome5_Solid.ttf"; path = "../node_modules/react-native-vector-icons/Fonts/FontAwesome5_Solid.ttf"; sourceTree = "<group>"; fileEncoding = undefined; lastKnownFileType = unknown; explicitFileType = undefined; includeInIndex = 0; };
		5A20D6F70E90406BAFEB6232 /* Fontisto.ttf */ = {isa = PBXFileReference; name = "Fontisto.ttf"; path = "../node_modules/react-native-vector-icons/Fonts/Fontisto.ttf"; sourceTree = "<group>"; fileEncoding = undefined; lastKnownFileType = unknown; explicitFileType = undefined; includeInIndex = 0; };
		59FAD3D8989742B59809A146 /* Foundation.ttf */ = {isa = PBXFileReference; name = "Foundation.ttf"; path = "../node_modules/react-native-vector-icons/Fonts/Foundation.ttf"; sourceTree = "<group>"; fileEncoding = undefined; lastKnownFileType = unknown; explicitFileType = undefined; includeInIndex = 0; };
		62443339719A40EB9027B674 /* Ionicons.ttf */ = {isa = PBXFileReference; name = "Ionicons.ttf"; path = "../node_modules/react-native-vector-icons/Fonts/Ionicons.ttf"; sourceTree = "<group>"; fileEncoding = undefined; lastKnownFileType = unknown; explicitFileType = undefined; includeInIndex = 0; };
		AD3AD76A8869421FABFF4B19 /* MaterialCommunityIcons.ttf */ = {isa = PBXFileReference; name = "MaterialCommunityIcons.ttf"; path = "../node_modules/react-native-vector-icons/Fonts/MaterialCommunityIcons.ttf"; sourceTree = "<group>"; fileEncoding = undefined; lastKnownFileType = unknown; explicitFileType = undefined; includeInIndex = 0; };
		02DAA4706885434C8D78B50C /* MaterialIcons.ttf */ = {isa = PBXFileReference; name = "MaterialIcons.ttf"; path = "../node_modules/react-native-vector-icons/Fonts/MaterialIcons.ttf"; sourceTree = "<group>"; fileEncoding = undefined; lastKnownFileType = unknown; explicitFileType = undefined; includeInIndex = 0; };
		35F5B785C1014E578A8AA790 /* Octicons.ttf */ = {isa = PBXFileReference; name = "Octicons.ttf"; path = "../node_modules/react-native-vector-icons/Fonts/Octicons.ttf"; sourceTree = "<group>"; fileEncoding = undefined; lastKnownFileType = unknown; explicitFileType = undefined; includeInIndex = 0; };
		818BA8C72C624FB2B4E6D04A /* SimpleLineIcons.ttf */ = {isa = PBXFileReference; name = "SimpleLineIcons.ttf"; path = "../node_modules/react-native-vector-icons/Fonts/SimpleLineIcons.ttf"; sourceTree = "<group>"; fileEncoding = undefined; lastKnownFileType = unknown; explicitFileType = undefined; includeInIndex = 0; };
		1CB853C33725480A92D40117 /* Zocial.ttf */ = {isa = PBXFileReference; name = "Zocial.ttf"; path = "../node_modules/react-native-vector-icons/Fonts/Zocial.ttf"; sourceTree = "<group>"; fileEncoding = undefined; lastKnownFileType = unknown; explicitFileType = undefined; includeInIndex = 0; };
/* End PBXFileReference section */

/* Begin PBXFrameworksBuildPhase section */
		00E356EB1AD99517003FC87E /* Frameworks */ = {
			isa = PBXFrameworksBuildPhase;
			buildActionMask = 2147483647;
			files = (
				00161C363911308DC60C5CA6 /* libPods-demoapp-demoappTests.a in Frameworks */,
			);
			runOnlyForDeploymentPostprocessing = 0;
		};
		13B07F8C1A680F5B00A75B9A /* Frameworks */ = {
			isa = PBXFrameworksBuildPhase;
			buildActionMask = 2147483647;
			files = (
				9C57445EF2F705B9829B18F2 /* libPods-demoapp.a in Frameworks */,
			);
			runOnlyForDeploymentPostprocessing = 0;
		};
		2D02E4781E0B4A5D006451C7 /* Frameworks */ = {
			isa = PBXFrameworksBuildPhase;
			buildActionMask = 2147483647;
			files = (
				D8C13670DC93C8C644E4C2FD /* libPods-demoapp-tvOS.a in Frameworks */,
			);
			runOnlyForDeploymentPostprocessing = 0;
		};
		2D02E48D1E0B4A5D006451C7 /* Frameworks */ = {
			isa = PBXFrameworksBuildPhase;
			buildActionMask = 2147483647;
			files = (
				16DF76F5D99A03FE017C977C /* libPods-demoapp-tvOSTests.a in Frameworks */,
			);
			runOnlyForDeploymentPostprocessing = 0;
		};
/* End PBXFrameworksBuildPhase section */

/* Begin PBXGroup section */
		00E356EF1AD99517003FC87E /* demoappTests */ = {
			isa = PBXGroup;
			children = (
				00E356F21AD99517003FC87E /* demoappTests.m */,
				00E356F01AD99517003FC87E /* Supporting Files */,
			);
			path = demoappTests;
			sourceTree = "<group>";
		};
		00E356F01AD99517003FC87E /* Supporting Files */ = {
			isa = PBXGroup;
			children = (
				00E356F11AD99517003FC87E /* Info.plist */,
			);
			name = "Supporting Files";
			sourceTree = "<group>";
		};
		13B07FAE1A68108700A75B9A /* demoapp */ = {
			isa = PBXGroup;
			children = (
				008F07F21AC5B25A0029DE68 /* main.jsbundle */,
				13B07FAF1A68108700A75B9A /* AppDelegate.h */,
				13B07FB01A68108700A75B9A /* AppDelegate.m */,
				13B07FB51A68108700A75B9A /* Images.xcassets */,
				13B07FB61A68108700A75B9A /* Info.plist */,
				81AB9BB72411601600AC10FF /* LaunchScreen.storyboard */,
				13B07FB71A68108700A75B9A /* main.m */,
			);
			name = demoapp;
			sourceTree = "<group>";
		};
		16FA5AD817C8033E77EAEA9E /* Pods */ = {
			isa = PBXGroup;
			children = (
				6835A536F5723BE782A079FF /* Pods-demoapp.debug.xcconfig */,
				8DE4DC57646607077082B95E /* Pods-demoapp.release.xcconfig */,
				586D8638B90C41E07FC50BF8 /* Pods-demoapp-demoappTests.debug.xcconfig */,
				A35804C17F83F93DD8110337 /* Pods-demoapp-demoappTests.release.xcconfig */,
				50FD608A2800E48EDBB476A6 /* Pods-demoapp-tvOS.debug.xcconfig */,
				73F5549D59B484F0652BEEF0 /* Pods-demoapp-tvOS.release.xcconfig */,
				0F3D9FE11198A8A1B20CD5DA /* Pods-demoapp-tvOSTests.debug.xcconfig */,
				7D2598DDA0298C894F76CFF5 /* Pods-demoapp-tvOSTests.release.xcconfig */,
			);
			name = Pods;
			path = Pods;
			sourceTree = "<group>";
		};
		2D16E6871FA4F8E400B85C8A /* Frameworks */ = {
			isa = PBXGroup;
			children = (
				ED297162215061F000B7C4FE /* JavaScriptCore.framework */,
				ED2971642150620600B7C4FE /* JavaScriptCore.framework */,
				416BDC75A773531B80873674 /* libPods-demoapp.a */,
				798DA666EB7745526FE3DBFC /* libPods-demoapp-demoappTests.a */,
				CD12629B1B3195144E766520 /* libPods-demoapp-tvOS.a */,
				EC9A444BEDE77A98C6F01D35 /* libPods-demoapp-tvOSTests.a */,
			);
			name = Frameworks;
			sourceTree = "<group>";
		};
		832341AE1AAA6A7D00B99B32 /* Libraries */ = {
			isa = PBXGroup;
			children = (
			);
			name = Libraries;
			sourceTree = "<group>";
		};
		83CBB9F61A601CBA00E9B192 = {
			isa = PBXGroup;
			children = (
				13B07FAE1A68108700A75B9A /* demoapp */,
				832341AE1AAA6A7D00B99B32 /* Libraries */,
				00E356EF1AD99517003FC87E /* demoappTests */,
				83CBBA001A601CBA00E9B192 /* Products */,
				2D16E6871FA4F8E400B85C8A /* Frameworks */,
				16FA5AD817C8033E77EAEA9E /* Pods */,
				F3738F666D3840EC8C11A375 /* Resources */,
			);
			indentWidth = 2;
			sourceTree = "<group>";
			tabWidth = 2;
			usesTabs = 0;
		};
		83CBBA001A601CBA00E9B192 /* Products */ = {
			isa = PBXGroup;
			children = (
				13B07F961A680F5B00A75B9A /* demoapp.app */,
				00E356EE1AD99517003FC87E /* demoappTests.xctest */,
				2D02E47B1E0B4A5D006451C7 /* demoapp-tvOS.app */,
				2D02E4901E0B4A5D006451C7 /* demoapp-tvOSTests.xctest */,
			);
			name = Products;
			sourceTree = "<group>";
		};
		F3738F666D3840EC8C11A375 /* Resources */ = {
			isa = "PBXGroup";
			children = (
				16386C4CB24A491990258CC1 /* Barlow-Black.ttf */,
				41871DE268F9494F996E0CC3 /* Barlow-BlackItalic.ttf */,
				C612CB802DEF4029917EE75C /* Barlow-Bold.ttf */,
				D0E8FA2D8FAA451D9C574201 /* Barlow-BoldItalic.ttf */,
				48DDDF5EACBE4EC083D72D8F /* Barlow-ExtraBold.ttf */,
				2A45E65DFD9442FE8535D521 /* Barlow-ExtraBoldItalic.ttf */,
				C66C79577125494CB5706E4A /* Barlow-ExtraLight.ttf */,
				9C1249E4C82F4CC291BB454F /* Barlow-ExtraLightItalic.ttf */,
				6D44CF2CB1E0406F974CC06D /* Barlow-Italic.ttf */,
				F7C460F40A5945FDBA929DC1 /* Barlow-Light.ttf */,
				5896F91671A84EE89527C333 /* Barlow-LightItalic.ttf */,
				46CC0BF719234E8691798151 /* Barlow-Medium.ttf */,
				49C5CEEBF8E34A09A629E146 /* Barlow-MediumItalic.ttf */,
				DDF110DF79704D9F951DC6CF /* Barlow-Regular.ttf */,
				AF8370F93F894628A4499A86 /* Barlow-SemiBold.ttf */,
				2306D4C67F2846499AD66290 /* Barlow-SemiBoldItalic.ttf */,
				EB928201A1F143F3808CCC97 /* Barlow-Thin.ttf */,
				9DD8736EE5594ADB9678FF4B /* Barlow-ThinItalic.ttf */,
				DCCFA901388743B88F3EB683 /* BarlowCondensed-Black.ttf */,
				205277AE84E848578409C29B /* BarlowCondensed-BlackItalic.ttf */,
				CFB96CAC60FE40B185EF9177 /* BarlowCondensed-Bold.ttf */,
				4802C793355C4FE991C96BE9 /* BarlowCondensed-BoldItalic.ttf */,
				6BC8DC5A6FA54A34B7AF9B8E /* BarlowCondensed-ExtraBold.ttf */,
				27B82A4C2D3D45048802AD60 /* BarlowCondensed-ExtraBoldItalic.ttf */,
				594F34A8BA444F0EB0E1E5C8 /* BarlowCondensed-ExtraLight.ttf */,
				8BBF22F9DBB74381A215FF16 /* BarlowCondensed-ExtraLightItalic.ttf */,
				4B2EA59FC79240929B8BB9E2 /* BarlowCondensed-Italic.ttf */,
				64BC50BEF7CE4EB8934EBB42 /* BarlowCondensed-Light.ttf */,
				9D5C5DA3538B4B838CD32806 /* BarlowCondensed-LightItalic.ttf */,
				CC3415EF9F5A41D28243F28C /* BarlowCondensed-Medium.ttf */,
				E10E191F40BA4B058C2180C8 /* BarlowCondensed-MediumItalic.ttf */,
				7AAA087950DA4D74A0B97282 /* BarlowCondensed-Regular.ttf */,
				FC407A336E0B46BC8E9EBF90 /* BarlowCondensed-SemiBold.ttf */,
				2512719682274FCA81703098 /* BarlowCondensed-SemiBoldItalic.ttf */,
				CC6390861C734C6AB34A8789 /* BarlowCondensed-Thin.ttf */,
				DE928919AD0849CEB60B39D0 /* BarlowCondensed-ThinItalic.ttf */,
				9207CF2C991C4CA3B43B9742 /* AntDesign.ttf */,
				687D6F7C376A408F8642458D /* Entypo.ttf */,
				61E571D596644171BCFE9399 /* EvilIcons.ttf */,
				85177C052C234E90AC4196D1 /* Feather.ttf */,
				A8650DED64F94FAC99CC1833 /* FontAwesome.ttf */,
				564CAC9DE1554119AA61AA75 /* FontAwesome5_Brands.ttf */,
				AAED0D9E2EFA43BB86C747B7 /* FontAwesome5_Regular.ttf */,
				63FB30D1020B452285FFE760 /* FontAwesome5_Solid.ttf */,
				5A20D6F70E90406BAFEB6232 /* Fontisto.ttf */,
				59FAD3D8989742B59809A146 /* Foundation.ttf */,
				62443339719A40EB9027B674 /* Ionicons.ttf */,
				AD3AD76A8869421FABFF4B19 /* MaterialCommunityIcons.ttf */,
				02DAA4706885434C8D78B50C /* MaterialIcons.ttf */,
				35F5B785C1014E578A8AA790 /* Octicons.ttf */,
				818BA8C72C624FB2B4E6D04A /* SimpleLineIcons.ttf */,
				1CB853C33725480A92D40117 /* Zocial.ttf */,
			);
			name = Resources;
			sourceTree = "<group>";
			path = "";
		};
/* End PBXGroup section */

/* Begin PBXNativeTarget section */
		00E356ED1AD99517003FC87E /* demoappTests */ = {
			isa = PBXNativeTarget;
			buildConfigurationList = 00E357021AD99517003FC87E /* Build configuration list for PBXNativeTarget "demoappTests" */;
			buildPhases = (
				35F9E4F6455B4A40D5688542 /* [CP] Check Pods Manifest.lock */,
				00E356EA1AD99517003FC87E /* Sources */,
				00E356EB1AD99517003FC87E /* Frameworks */,
				00E356EC1AD99517003FC87E /* Resources */,
				12330E5034E50D6326741C5E /* [CP] Copy Pods Resources */,
			);
			buildRules = (
			);
			dependencies = (
				00E356F51AD99517003FC87E /* PBXTargetDependency */,
			);
			name = demoappTests;
			productName = demoappTests;
			productReference = 00E356EE1AD99517003FC87E /* demoappTests.xctest */;
			productType = "com.apple.product-type.bundle.unit-test";
		};
		13B07F861A680F5B00A75B9A /* demoapp */ = {
			isa = PBXNativeTarget;
			buildConfigurationList = 13B07F931A680F5B00A75B9A /* Build configuration list for PBXNativeTarget "demoapp" */;
			buildPhases = (
				50C8C6213BE23173AAF6560A /* [CP] Check Pods Manifest.lock */,
				FD10A7F022414F080027D42C /* Start Packager */,
				13B07F871A680F5B00A75B9A /* Sources */,
				13B07F8C1A680F5B00A75B9A /* Frameworks */,
				13B07F8E1A680F5B00A75B9A /* Resources */,
				00DD1BFF1BD5951E006B06BC /* Bundle React Native code and images */,
				BCB7811369911222144D84A6 /* [CP] Copy Pods Resources */,
			);
			buildRules = (
			);
			dependencies = (
			);
			name = demoapp;
			productName = demoapp;
			productReference = 13B07F961A680F5B00A75B9A /* demoapp.app */;
			productType = "com.apple.product-type.application";
		};
		2D02E47A1E0B4A5D006451C7 /* demoapp-tvOS */ = {
			isa = PBXNativeTarget;
			buildConfigurationList = 2D02E4BA1E0B4A5E006451C7 /* Build configuration list for PBXNativeTarget "demoapp-tvOS" */;
			buildPhases = (
				E873659E56BC75E3AB3196CF /* [CP] Check Pods Manifest.lock */,
				FD10A7F122414F3F0027D42C /* Start Packager */,
				2D02E4771E0B4A5D006451C7 /* Sources */,
				2D02E4781E0B4A5D006451C7 /* Frameworks */,
				2D02E4791E0B4A5D006451C7 /* Resources */,
				2D02E4CB1E0B4B27006451C7 /* Bundle React Native Code And Images */,
			);
			buildRules = (
			);
			dependencies = (
			);
			name = "demoapp-tvOS";
			productName = "demoapp-tvOS";
			productReference = 2D02E47B1E0B4A5D006451C7 /* demoapp-tvOS.app */;
			productType = "com.apple.product-type.application";
		};
		2D02E48F1E0B4A5D006451C7 /* demoapp-tvOSTests */ = {
			isa = PBXNativeTarget;
			buildConfigurationList = 2D02E4BB1E0B4A5E006451C7 /* Build configuration list for PBXNativeTarget "demoapp-tvOSTests" */;
			buildPhases = (
				3330C58887084A97306E24E8 /* [CP] Check Pods Manifest.lock */,
				2D02E48C1E0B4A5D006451C7 /* Sources */,
				2D02E48D1E0B4A5D006451C7 /* Frameworks */,
				2D02E48E1E0B4A5D006451C7 /* Resources */,
			);
			buildRules = (
			);
			dependencies = (
				2D02E4921E0B4A5D006451C7 /* PBXTargetDependency */,
			);
			name = "demoapp-tvOSTests";
			productName = "demoapp-tvOSTests";
			productReference = 2D02E4901E0B4A5D006451C7 /* demoapp-tvOSTests.xctest */;
			productType = "com.apple.product-type.bundle.unit-test";
		};
/* End PBXNativeTarget section */

/* Begin PBXProject section */
		83CBB9F71A601CBA00E9B192 /* Project object */ = {
			isa = PBXProject;
			attributes = {
				LastUpgradeCheck = 1130;
				TargetAttributes = {
					00E356ED1AD99517003FC87E = {
						CreatedOnToolsVersion = 6.2;
						TestTargetID = 13B07F861A680F5B00A75B9A;
					};
					13B07F861A680F5B00A75B9A = {
						LastSwiftMigration = 1120;
					};
					2D02E47A1E0B4A5D006451C7 = {
						CreatedOnToolsVersion = 8.2.1;
						ProvisioningStyle = Automatic;
					};
					2D02E48F1E0B4A5D006451C7 = {
						CreatedOnToolsVersion = 8.2.1;
						ProvisioningStyle = Automatic;
						TestTargetID = 2D02E47A1E0B4A5D006451C7;
					};
				};
			};
			buildConfigurationList = 83CBB9FA1A601CBA00E9B192 /* Build configuration list for PBXProject "demoapp" */;
			compatibilityVersion = "Xcode 3.2";
			developmentRegion = en;
			hasScannedForEncodings = 0;
			knownRegions = (
				en,
				Base,
			);
			mainGroup = 83CBB9F61A601CBA00E9B192;
			productRefGroup = 83CBBA001A601CBA00E9B192 /* Products */;
			projectDirPath = "";
			projectRoot = "";
			targets = (
				13B07F861A680F5B00A75B9A /* demoapp */,
				00E356ED1AD99517003FC87E /* demoappTests */,
				2D02E47A1E0B4A5D006451C7 /* demoapp-tvOS */,
				2D02E48F1E0B4A5D006451C7 /* demoapp-tvOSTests */,
			);
		};
/* End PBXProject section */

/* Begin PBXResourcesBuildPhase section */
		00E356EC1AD99517003FC87E /* Resources */ = {
			isa = PBXResourcesBuildPhase;
			buildActionMask = 2147483647;
			files = (
			);
			runOnlyForDeploymentPostprocessing = 0;
		};
		13B07F8E1A680F5B00A75B9A /* Resources */ = {
			isa = PBXResourcesBuildPhase;
			buildActionMask = 2147483647;
			files = (
				81AB9BB82411601600AC10FF /* LaunchScreen.storyboard in Resources */,
				13B07FBF1A68108700A75B9A /* Images.xcassets in Resources */,
				83FC4A46827A49E3AF734F56 /* Barlow-Black.ttf in Resources */,
				89248F11533D4FF9B5365813 /* Barlow-BlackItalic.ttf in Resources */,
				886BA0B2BFE849ABB1599191 /* Barlow-Bold.ttf in Resources */,
				260CD21EED654C45B7785867 /* Barlow-BoldItalic.ttf in Resources */,
				153BD9895C6E4E00B65C9FED /* Barlow-ExtraBold.ttf in Resources */,
				9D1304CBE3AB4BD184F1DD28 /* Barlow-ExtraBoldItalic.ttf in Resources */,
				47AACFED73A54061AF328B65 /* Barlow-ExtraLight.ttf in Resources */,
				2907CEEA70C34CA5B4A2CB7C /* Barlow-ExtraLightItalic.ttf in Resources */,
				7652B8B8371A434E83ACBFC4 /* Barlow-Italic.ttf in Resources */,
				F705B84162924D43B9FB889E /* Barlow-Light.ttf in Resources */,
				2021A369E2CB4A7ABEF9B14B /* Barlow-LightItalic.ttf in Resources */,
				CD5ED43CB35948BBA7441915 /* Barlow-Medium.ttf in Resources */,
				07B3C6C57E0A474BA68F44EA /* Barlow-MediumItalic.ttf in Resources */,
				19FDA66A3954435895D43E5F /* Barlow-Regular.ttf in Resources */,
				EADFD372F1E9449E91C5D17E /* Barlow-SemiBold.ttf in Resources */,
				0C3DC158DB4F4AE89B0CCF3D /* Barlow-SemiBoldItalic.ttf in Resources */,
				153102F4D35A4BD5846EDF55 /* Barlow-Thin.ttf in Resources */,
				B924F7129118459B8B148798 /* Barlow-ThinItalic.ttf in Resources */,
				CA7AFBE78BB242EDA16F9D97 /* BarlowCondensed-Black.ttf in Resources */,
				4C9E5CA15E044F5FBA2F9EFE /* BarlowCondensed-BlackItalic.ttf in Resources */,
				AF44C64C01B54AADB8597954 /* BarlowCondensed-Bold.ttf in Resources */,
				54DAA45ACD2744E4A083C604 /* BarlowCondensed-BoldItalic.ttf in Resources */,
				402A5D51F66E49FDAD1F122F /* BarlowCondensed-ExtraBold.ttf in Resources */,
				2F023EE9D26147A0A4A8D12A /* BarlowCondensed-ExtraBoldItalic.ttf in Resources */,
				D0F96EFA91C6492AB9CBFCDC /* BarlowCondensed-ExtraLight.ttf in Resources */,
				0AAF349701754BE199C6E358 /* BarlowCondensed-ExtraLightItalic.ttf in Resources */,
				AE4ED075F1EA4CCF8B755031 /* BarlowCondensed-Italic.ttf in Resources */,
				E7A120D1F80646E68D6F667F /* BarlowCondensed-Light.ttf in Resources */,
				3EF401BBC9F14660ACD16FEB /* BarlowCondensed-LightItalic.ttf in Resources */,
				F31FC22450A3411F929AC4EE /* BarlowCondensed-Medium.ttf in Resources */,
				33D7332F761C46C5836F53CB /* BarlowCondensed-MediumItalic.ttf in Resources */,
				BA2F2A5AD15B403BA0C698B1 /* BarlowCondensed-Regular.ttf in Resources */,
				A4A61FF26D374243AC1C1D54 /* BarlowCondensed-SemiBold.ttf in Resources */,
				97D1A7C4D3DF48E49D7BA776 /* BarlowCondensed-SemiBoldItalic.ttf in Resources */,
				AB028E44EB5742089CF8F18E /* BarlowCondensed-Thin.ttf in Resources */,
				191F9AE3F447401A876C0CA6 /* BarlowCondensed-ThinItalic.ttf in Resources */,
				BA7163CD25DD4EB4BDDAC95F /* AntDesign.ttf in Resources */,
				FB333EE049CC46CDB36EA685 /* Entypo.ttf in Resources */,
				A3F56B7B0DB147E1BC4F536A /* EvilIcons.ttf in Resources */,
				9374A0FA630F46309AEB5F8C /* Feather.ttf in Resources */,
				E1508B4E759C472380DDF12C /* FontAwesome.ttf in Resources */,
				4E7134CFE4AC4331BB644FE1 /* FontAwesome5_Brands.ttf in Resources */,
				2C50E9E59CF14DDB99B4B95F /* FontAwesome5_Regular.ttf in Resources */,
				DE4FA5A4DAA248A0BA7902BE /* FontAwesome5_Solid.ttf in Resources */,
				7853729D73FF4C5DA376CEFB /* Fontisto.ttf in Resources */,
				FFEEA9447639414DB16E906A /* Foundation.ttf in Resources */,
				118FAD8BA0A64A0EA438591C /* Ionicons.ttf in Resources */,
				9C171B9E2A6343B2A31E9E02 /* MaterialCommunityIcons.ttf in Resources */,
				ABC29F3576D549ABB99F2C29 /* MaterialIcons.ttf in Resources */,
				031ACE27463B42658E73AC3F /* Octicons.ttf in Resources */,
				FBC213D242D04DD3935696F5 /* SimpleLineIcons.ttf in Resources */,
				9537A6A90EC3471F98A2DEA3 /* Zocial.ttf in Resources */,
			);
			runOnlyForDeploymentPostprocessing = 0;
		};
		2D02E4791E0B4A5D006451C7 /* Resources */ = {
			isa = PBXResourcesBuildPhase;
			buildActionMask = 2147483647;
			files = (
				2D02E4BD1E0B4A84006451C7 /* Images.xcassets in Resources */,
			);
			runOnlyForDeploymentPostprocessing = 0;
		};
		2D02E48E1E0B4A5D006451C7 /* Resources */ = {
			isa = PBXResourcesBuildPhase;
			buildActionMask = 2147483647;
			files = (
			);
			runOnlyForDeploymentPostprocessing = 0;
		};
/* End PBXResourcesBuildPhase section */

/* Begin PBXShellScriptBuildPhase section */
		00DD1BFF1BD5951E006B06BC /* Bundle React Native code and images */ = {
			isa = PBXShellScriptBuildPhase;
			buildActionMask = 2147483647;
			files = (
			);
			inputPaths = (
			);
			name = "Bundle React Native code and images";
			outputPaths = (
			);
			runOnlyForDeploymentPostprocessing = 0;
			shellPath = /bin/sh;
			shellScript = "export NODE_BINARY=node\n../node_modules/react-native/scripts/react-native-xcode.sh";
		};
		12330E5034E50D6326741C5E /* [CP] Copy Pods Resources */ = {
			isa = PBXShellScriptBuildPhase;
			buildActionMask = 2147483647;
			files = (
			);
			inputPaths = (
				"${PODS_ROOT}/Target Support Files/Pods-demoapp-demoappTests/Pods-demoapp-demoappTests-resources.sh",
				"${PODS_ROOT}/../../node_modules/react-native-vector-icons/Fonts/AntDesign.ttf",
				"${PODS_ROOT}/../../node_modules/react-native-vector-icons/Fonts/Entypo.ttf",
				"${PODS_ROOT}/../../node_modules/react-native-vector-icons/Fonts/EvilIcons.ttf",
				"${PODS_ROOT}/../../node_modules/react-native-vector-icons/Fonts/Feather.ttf",
				"${PODS_ROOT}/../../node_modules/react-native-vector-icons/Fonts/FontAwesome.ttf",
				"${PODS_ROOT}/../../node_modules/react-native-vector-icons/Fonts/FontAwesome5_Brands.ttf",
				"${PODS_ROOT}/../../node_modules/react-native-vector-icons/Fonts/FontAwesome5_Regular.ttf",
				"${PODS_ROOT}/../../node_modules/react-native-vector-icons/Fonts/FontAwesome5_Solid.ttf",
				"${PODS_ROOT}/../../node_modules/react-native-vector-icons/Fonts/Fontisto.ttf",
				"${PODS_ROOT}/../../node_modules/react-native-vector-icons/Fonts/Foundation.ttf",
				"${PODS_ROOT}/../../node_modules/react-native-vector-icons/Fonts/Ionicons.ttf",
				"${PODS_ROOT}/../../node_modules/react-native-vector-icons/Fonts/MaterialCommunityIcons.ttf",
				"${PODS_ROOT}/../../node_modules/react-native-vector-icons/Fonts/MaterialIcons.ttf",
				"${PODS_ROOT}/../../node_modules/react-native-vector-icons/Fonts/Octicons.ttf",
				"${PODS_ROOT}/../../node_modules/react-native-vector-icons/Fonts/SimpleLineIcons.ttf",
				"${PODS_ROOT}/../../node_modules/react-native-vector-icons/Fonts/Zocial.ttf",
				"${PODS_CONFIGURATION_BUILD_DIR}/React-Core/AccessibilityResources.bundle",
			);
			name = "[CP] Copy Pods Resources";
			outputPaths = (
				"${TARGET_BUILD_DIR}/${UNLOCALIZED_RESOURCES_FOLDER_PATH}/AntDesign.ttf",
				"${TARGET_BUILD_DIR}/${UNLOCALIZED_RESOURCES_FOLDER_PATH}/Entypo.ttf",
				"${TARGET_BUILD_DIR}/${UNLOCALIZED_RESOURCES_FOLDER_PATH}/EvilIcons.ttf",
				"${TARGET_BUILD_DIR}/${UNLOCALIZED_RESOURCES_FOLDER_PATH}/Feather.ttf",
				"${TARGET_BUILD_DIR}/${UNLOCALIZED_RESOURCES_FOLDER_PATH}/FontAwesome.ttf",
				"${TARGET_BUILD_DIR}/${UNLOCALIZED_RESOURCES_FOLDER_PATH}/FontAwesome5_Brands.ttf",
				"${TARGET_BUILD_DIR}/${UNLOCALIZED_RESOURCES_FOLDER_PATH}/FontAwesome5_Regular.ttf",
				"${TARGET_BUILD_DIR}/${UNLOCALIZED_RESOURCES_FOLDER_PATH}/FontAwesome5_Solid.ttf",
				"${TARGET_BUILD_DIR}/${UNLOCALIZED_RESOURCES_FOLDER_PATH}/Fontisto.ttf",
				"${TARGET_BUILD_DIR}/${UNLOCALIZED_RESOURCES_FOLDER_PATH}/Foundation.ttf",
				"${TARGET_BUILD_DIR}/${UNLOCALIZED_RESOURCES_FOLDER_PATH}/Ionicons.ttf",
				"${TARGET_BUILD_DIR}/${UNLOCALIZED_RESOURCES_FOLDER_PATH}/MaterialCommunityIcons.ttf",
				"${TARGET_BUILD_DIR}/${UNLOCALIZED_RESOURCES_FOLDER_PATH}/MaterialIcons.ttf",
				"${TARGET_BUILD_DIR}/${UNLOCALIZED_RESOURCES_FOLDER_PATH}/Octicons.ttf",
				"${TARGET_BUILD_DIR}/${UNLOCALIZED_RESOURCES_FOLDER_PATH}/SimpleLineIcons.ttf",
				"${TARGET_BUILD_DIR}/${UNLOCALIZED_RESOURCES_FOLDER_PATH}/Zocial.ttf",
				"${TARGET_BUILD_DIR}/${UNLOCALIZED_RESOURCES_FOLDER_PATH}/AccessibilityResources.bundle",
			);
			runOnlyForDeploymentPostprocessing = 0;
			shellPath = /bin/sh;
			shellScript = "\"${PODS_ROOT}/Target Support Files/Pods-demoapp-demoappTests/Pods-demoapp-demoappTests-resources.sh\"\n";
			showEnvVarsInLog = 0;
		};
		2D02E4CB1E0B4B27006451C7 /* Bundle React Native Code And Images */ = {
			isa = PBXShellScriptBuildPhase;
			buildActionMask = 2147483647;
			files = (
			);
			inputPaths = (
			);
			name = "Bundle React Native Code And Images";
			outputPaths = (
			);
			runOnlyForDeploymentPostprocessing = 0;
			shellPath = /bin/sh;
			shellScript = "export NODE_BINARY=node\n../node_modules/react-native/scripts/react-native-xcode.sh";
		};
		3330C58887084A97306E24E8 /* [CP] Check Pods Manifest.lock */ = {
			isa = PBXShellScriptBuildPhase;
			buildActionMask = 2147483647;
			files = (
			);
			inputFileListPaths = (
			);
			inputPaths = (
				"${PODS_PODFILE_DIR_PATH}/Podfile.lock",
				"${PODS_ROOT}/Manifest.lock",
			);
			name = "[CP] Check Pods Manifest.lock";
			outputFileListPaths = (
			);
			outputPaths = (
				"$(DERIVED_FILE_DIR)/Pods-demoapp-tvOSTests-checkManifestLockResult.txt",
			);
			runOnlyForDeploymentPostprocessing = 0;
			shellPath = /bin/sh;
			shellScript = "diff \"${PODS_PODFILE_DIR_PATH}/Podfile.lock\" \"${PODS_ROOT}/Manifest.lock\" > /dev/null\nif [ $? != 0 ] ; then\n    # print error to STDERR\n    echo \"error: The sandbox is not in sync with the Podfile.lock. Run 'pod install' or update your CocoaPods installation.\" >&2\n    exit 1\nfi\n# This output is used by Xcode 'outputs' to avoid re-running this script phase.\necho \"SUCCESS\" > \"${SCRIPT_OUTPUT_FILE_0}\"\n";
			showEnvVarsInLog = 0;
		};
		35F9E4F6455B4A40D5688542 /* [CP] Check Pods Manifest.lock */ = {
			isa = PBXShellScriptBuildPhase;
			buildActionMask = 2147483647;
			files = (
			);
			inputFileListPaths = (
			);
			inputPaths = (
				"${PODS_PODFILE_DIR_PATH}/Podfile.lock",
				"${PODS_ROOT}/Manifest.lock",
			);
			name = "[CP] Check Pods Manifest.lock";
			outputFileListPaths = (
			);
			outputPaths = (
				"$(DERIVED_FILE_DIR)/Pods-demoapp-demoappTests-checkManifestLockResult.txt",
			);
			runOnlyForDeploymentPostprocessing = 0;
			shellPath = /bin/sh;
			shellScript = "diff \"${PODS_PODFILE_DIR_PATH}/Podfile.lock\" \"${PODS_ROOT}/Manifest.lock\" > /dev/null\nif [ $? != 0 ] ; then\n    # print error to STDERR\n    echo \"error: The sandbox is not in sync with the Podfile.lock. Run 'pod install' or update your CocoaPods installation.\" >&2\n    exit 1\nfi\n# This output is used by Xcode 'outputs' to avoid re-running this script phase.\necho \"SUCCESS\" > \"${SCRIPT_OUTPUT_FILE_0}\"\n";
			showEnvVarsInLog = 0;
		};
		50C8C6213BE23173AAF6560A /* [CP] Check Pods Manifest.lock */ = {
			isa = PBXShellScriptBuildPhase;
			buildActionMask = 2147483647;
			files = (
			);
			inputFileListPaths = (
			);
			inputPaths = (
				"${PODS_PODFILE_DIR_PATH}/Podfile.lock",
				"${PODS_ROOT}/Manifest.lock",
			);
			name = "[CP] Check Pods Manifest.lock";
			outputFileListPaths = (
			);
			outputPaths = (
				"$(DERIVED_FILE_DIR)/Pods-demoapp-checkManifestLockResult.txt",
			);
			runOnlyForDeploymentPostprocessing = 0;
			shellPath = /bin/sh;
			shellScript = "diff \"${PODS_PODFILE_DIR_PATH}/Podfile.lock\" \"${PODS_ROOT}/Manifest.lock\" > /dev/null\nif [ $? != 0 ] ; then\n    # print error to STDERR\n    echo \"error: The sandbox is not in sync with the Podfile.lock. Run 'pod install' or update your CocoaPods installation.\" >&2\n    exit 1\nfi\n# This output is used by Xcode 'outputs' to avoid re-running this script phase.\necho \"SUCCESS\" > \"${SCRIPT_OUTPUT_FILE_0}\"\n";
			showEnvVarsInLog = 0;
		};
		BCB7811369911222144D84A6 /* [CP] Copy Pods Resources */ = {
			isa = PBXShellScriptBuildPhase;
			buildActionMask = 2147483647;
			files = (
			);
			inputPaths = (
				"${PODS_ROOT}/Target Support Files/Pods-demoapp/Pods-demoapp-resources.sh",
				"${PODS_ROOT}/../../node_modules/react-native-vector-icons/Fonts/AntDesign.ttf",
				"${PODS_ROOT}/../../node_modules/react-native-vector-icons/Fonts/Entypo.ttf",
				"${PODS_ROOT}/../../node_modules/react-native-vector-icons/Fonts/EvilIcons.ttf",
				"${PODS_ROOT}/../../node_modules/react-native-vector-icons/Fonts/Feather.ttf",
				"${PODS_ROOT}/../../node_modules/react-native-vector-icons/Fonts/FontAwesome.ttf",
				"${PODS_ROOT}/../../node_modules/react-native-vector-icons/Fonts/FontAwesome5_Brands.ttf",
				"${PODS_ROOT}/../../node_modules/react-native-vector-icons/Fonts/FontAwesome5_Regular.ttf",
				"${PODS_ROOT}/../../node_modules/react-native-vector-icons/Fonts/FontAwesome5_Solid.ttf",
				"${PODS_ROOT}/../../node_modules/react-native-vector-icons/Fonts/Fontisto.ttf",
				"${PODS_ROOT}/../../node_modules/react-native-vector-icons/Fonts/Foundation.ttf",
				"${PODS_ROOT}/../../node_modules/react-native-vector-icons/Fonts/Ionicons.ttf",
				"${PODS_ROOT}/../../node_modules/react-native-vector-icons/Fonts/MaterialCommunityIcons.ttf",
				"${PODS_ROOT}/../../node_modules/react-native-vector-icons/Fonts/MaterialIcons.ttf",
				"${PODS_ROOT}/../../node_modules/react-native-vector-icons/Fonts/Octicons.ttf",
				"${PODS_ROOT}/../../node_modules/react-native-vector-icons/Fonts/SimpleLineIcons.ttf",
				"${PODS_ROOT}/../../node_modules/react-native-vector-icons/Fonts/Zocial.ttf",
				"${PODS_CONFIGURATION_BUILD_DIR}/React-Core/AccessibilityResources.bundle",
			);
			name = "[CP] Copy Pods Resources";
			outputPaths = (
				"${TARGET_BUILD_DIR}/${UNLOCALIZED_RESOURCES_FOLDER_PATH}/AntDesign.ttf",
				"${TARGET_BUILD_DIR}/${UNLOCALIZED_RESOURCES_FOLDER_PATH}/Entypo.ttf",
				"${TARGET_BUILD_DIR}/${UNLOCALIZED_RESOURCES_FOLDER_PATH}/EvilIcons.ttf",
				"${TARGET_BUILD_DIR}/${UNLOCALIZED_RESOURCES_FOLDER_PATH}/Feather.ttf",
				"${TARGET_BUILD_DIR}/${UNLOCALIZED_RESOURCES_FOLDER_PATH}/FontAwesome.ttf",
				"${TARGET_BUILD_DIR}/${UNLOCALIZED_RESOURCES_FOLDER_PATH}/FontAwesome5_Brands.ttf",
				"${TARGET_BUILD_DIR}/${UNLOCALIZED_RESOURCES_FOLDER_PATH}/FontAwesome5_Regular.ttf",
				"${TARGET_BUILD_DIR}/${UNLOCALIZED_RESOURCES_FOLDER_PATH}/FontAwesome5_Solid.ttf",
				"${TARGET_BUILD_DIR}/${UNLOCALIZED_RESOURCES_FOLDER_PATH}/Fontisto.ttf",
				"${TARGET_BUILD_DIR}/${UNLOCALIZED_RESOURCES_FOLDER_PATH}/Foundation.ttf",
				"${TARGET_BUILD_DIR}/${UNLOCALIZED_RESOURCES_FOLDER_PATH}/Ionicons.ttf",
				"${TARGET_BUILD_DIR}/${UNLOCALIZED_RESOURCES_FOLDER_PATH}/MaterialCommunityIcons.ttf",
				"${TARGET_BUILD_DIR}/${UNLOCALIZED_RESOURCES_FOLDER_PATH}/MaterialIcons.ttf",
				"${TARGET_BUILD_DIR}/${UNLOCALIZED_RESOURCES_FOLDER_PATH}/Octicons.ttf",
				"${TARGET_BUILD_DIR}/${UNLOCALIZED_RESOURCES_FOLDER_PATH}/SimpleLineIcons.ttf",
				"${TARGET_BUILD_DIR}/${UNLOCALIZED_RESOURCES_FOLDER_PATH}/Zocial.ttf",
				"${TARGET_BUILD_DIR}/${UNLOCALIZED_RESOURCES_FOLDER_PATH}/AccessibilityResources.bundle",
			);
			runOnlyForDeploymentPostprocessing = 0;
			shellPath = /bin/sh;
			shellScript = "\"${PODS_ROOT}/Target Support Files/Pods-demoapp/Pods-demoapp-resources.sh\"\n";
			showEnvVarsInLog = 0;
		};
		E873659E56BC75E3AB3196CF /* [CP] Check Pods Manifest.lock */ = {
			isa = PBXShellScriptBuildPhase;
			buildActionMask = 2147483647;
			files = (
			);
			inputFileListPaths = (
			);
			inputPaths = (
				"${PODS_PODFILE_DIR_PATH}/Podfile.lock",
				"${PODS_ROOT}/Manifest.lock",
			);
			name = "[CP] Check Pods Manifest.lock";
			outputFileListPaths = (
			);
			outputPaths = (
				"$(DERIVED_FILE_DIR)/Pods-demoapp-tvOS-checkManifestLockResult.txt",
			);
			runOnlyForDeploymentPostprocessing = 0;
			shellPath = /bin/sh;
			shellScript = "diff \"${PODS_PODFILE_DIR_PATH}/Podfile.lock\" \"${PODS_ROOT}/Manifest.lock\" > /dev/null\nif [ $? != 0 ] ; then\n    # print error to STDERR\n    echo \"error: The sandbox is not in sync with the Podfile.lock. Run 'pod install' or update your CocoaPods installation.\" >&2\n    exit 1\nfi\n# This output is used by Xcode 'outputs' to avoid re-running this script phase.\necho \"SUCCESS\" > \"${SCRIPT_OUTPUT_FILE_0}\"\n";
			showEnvVarsInLog = 0;
		};
		FD10A7F022414F080027D42C /* Start Packager */ = {
			isa = PBXShellScriptBuildPhase;
			buildActionMask = 2147483647;
			files = (
			);
			inputFileListPaths = (
			);
			inputPaths = (
			);
			name = "Start Packager";
			outputFileListPaths = (
			);
			outputPaths = (
			);
			runOnlyForDeploymentPostprocessing = 0;
			shellPath = /bin/sh;
			shellScript = "export RCT_METRO_PORT=\"${RCT_METRO_PORT:=8081}\"\necho \"export RCT_METRO_PORT=${RCT_METRO_PORT}\" > \"${SRCROOT}/../node_modules/react-native/scripts/.packager.env\"\nif [ -z \"${RCT_NO_LAUNCH_PACKAGER+xxx}\" ] ; then\n  if nc -w 5 -z localhost ${RCT_METRO_PORT} ; then\n    if ! curl -s \"http://localhost:${RCT_METRO_PORT}/status\" | grep -q \"packager-status:running\" ; then\n      echo \"Port ${RCT_METRO_PORT} already in use, packager is either not running or not running correctly\"\n      exit 2\n    fi\n  else\n    open \"$SRCROOT/../node_modules/react-native/scripts/launchPackager.command\" || echo \"Can't start packager automatically\"\n  fi\nfi\n";
			showEnvVarsInLog = 0;
		};
		FD10A7F122414F3F0027D42C /* Start Packager */ = {
			isa = PBXShellScriptBuildPhase;
			buildActionMask = 2147483647;
			files = (
			);
			inputFileListPaths = (
			);
			inputPaths = (
			);
			name = "Start Packager";
			outputFileListPaths = (
			);
			outputPaths = (
			);
			runOnlyForDeploymentPostprocessing = 0;
			shellPath = /bin/sh;
			shellScript = "export RCT_METRO_PORT=\"${RCT_METRO_PORT:=8081}\"\necho \"export RCT_METRO_PORT=${RCT_METRO_PORT}\" > \"${SRCROOT}/../node_modules/react-native/scripts/.packager.env\"\nif [ -z \"${RCT_NO_LAUNCH_PACKAGER+xxx}\" ] ; then\n  if nc -w 5 -z localhost ${RCT_METRO_PORT} ; then\n    if ! curl -s \"http://localhost:${RCT_METRO_PORT}/status\" | grep -q \"packager-status:running\" ; then\n      echo \"Port ${RCT_METRO_PORT} already in use, packager is either not running or not running correctly\"\n      exit 2\n    fi\n  else\n    open \"$SRCROOT/../node_modules/react-native/scripts/launchPackager.command\" || echo \"Can't start packager automatically\"\n  fi\nfi\n";
			showEnvVarsInLog = 0;
		};
/* End PBXShellScriptBuildPhase section */

/* Begin PBXSourcesBuildPhase section */
		00E356EA1AD99517003FC87E /* Sources */ = {
			isa = PBXSourcesBuildPhase;
			buildActionMask = 2147483647;
			files = (
				00E356F31AD99517003FC87E /* demoappTests.m in Sources */,
			);
			runOnlyForDeploymentPostprocessing = 0;
		};
		13B07F871A680F5B00A75B9A /* Sources */ = {
			isa = PBXSourcesBuildPhase;
			buildActionMask = 2147483647;
			files = (
				13B07FBC1A68108700A75B9A /* AppDelegate.m in Sources */,
				13B07FC11A68108700A75B9A /* main.m in Sources */,
			);
			runOnlyForDeploymentPostprocessing = 0;
		};
		2D02E4771E0B4A5D006451C7 /* Sources */ = {
			isa = PBXSourcesBuildPhase;
			buildActionMask = 2147483647;
			files = (
				2D02E4BF1E0B4AB3006451C7 /* main.m in Sources */,
				2D02E4BC1E0B4A80006451C7 /* AppDelegate.m in Sources */,
			);
			runOnlyForDeploymentPostprocessing = 0;
		};
		2D02E48C1E0B4A5D006451C7 /* Sources */ = {
			isa = PBXSourcesBuildPhase;
			buildActionMask = 2147483647;
			files = (
				2DCD954D1E0B4F2C00145EB5 /* demoappTests.m in Sources */,
			);
			runOnlyForDeploymentPostprocessing = 0;
		};
/* End PBXSourcesBuildPhase section */

/* Begin PBXTargetDependency section */
		00E356F51AD99517003FC87E /* PBXTargetDependency */ = {
			isa = PBXTargetDependency;
			target = 13B07F861A680F5B00A75B9A /* demoapp */;
			targetProxy = 00E356F41AD99517003FC87E /* PBXContainerItemProxy */;
		};
		2D02E4921E0B4A5D006451C7 /* PBXTargetDependency */ = {
			isa = PBXTargetDependency;
			target = 2D02E47A1E0B4A5D006451C7 /* demoapp-tvOS */;
			targetProxy = 2D02E4911E0B4A5D006451C7 /* PBXContainerItemProxy */;
		};
/* End PBXTargetDependency section */

/* Begin XCBuildConfiguration section */
		00E356F61AD99517003FC87E /* Debug */ = {
			isa = XCBuildConfiguration;
			baseConfigurationReference = 586D8638B90C41E07FC50BF8 /* Pods-demoapp-demoappTests.debug.xcconfig */;
			buildSettings = {
				BUNDLE_LOADER = "$(TEST_HOST)";
				GCC_PREPROCESSOR_DEFINITIONS = (
					"DEBUG=1",
					"$(inherited)",
				);
				INFOPLIST_FILE = demoappTests/Info.plist;
				IPHONEOS_DEPLOYMENT_TARGET = 10.0;
				LD_RUNPATH_SEARCH_PATHS = "$(inherited) @executable_path/Frameworks @loader_path/Frameworks";
				OTHER_LDFLAGS = (
					"-ObjC",
					"-lc++",
					"$(inherited)",
				);
				PRODUCT_BUNDLE_IDENTIFIER = "org.reactjs.native.example.$(PRODUCT_NAME:rfc1034identifier)";
				PRODUCT_NAME = "$(TARGET_NAME)";
				TEST_HOST = "$(BUILT_PRODUCTS_DIR)/demoapp.app/demoapp";
			};
			name = Debug;
		};
		00E356F71AD99517003FC87E /* Release */ = {
			isa = XCBuildConfiguration;
			baseConfigurationReference = A35804C17F83F93DD8110337 /* Pods-demoapp-demoappTests.release.xcconfig */;
			buildSettings = {
				BUNDLE_LOADER = "$(TEST_HOST)";
				COPY_PHASE_STRIP = NO;
				INFOPLIST_FILE = demoappTests/Info.plist;
				IPHONEOS_DEPLOYMENT_TARGET = 10.0;
				LD_RUNPATH_SEARCH_PATHS = "$(inherited) @executable_path/Frameworks @loader_path/Frameworks";
				OTHER_LDFLAGS = (
					"-ObjC",
					"-lc++",
					"$(inherited)",
				);
				PRODUCT_BUNDLE_IDENTIFIER = "org.reactjs.native.example.$(PRODUCT_NAME:rfc1034identifier)";
				PRODUCT_NAME = "$(TARGET_NAME)";
				TEST_HOST = "$(BUILT_PRODUCTS_DIR)/demoapp.app/demoapp";
			};
			name = Release;
		};
		13B07F941A680F5B00A75B9A /* Debug */ = {
			isa = XCBuildConfiguration;
			baseConfigurationReference = 6835A536F5723BE782A079FF /* Pods-demoapp.debug.xcconfig */;
			buildSettings = {
				ASSETCATALOG_COMPILER_APPICON_NAME = AppIcon;
				CLANG_ENABLE_MODULES = YES;
				CURRENT_PROJECT_VERSION = 1;
				ENABLE_BITCODE = NO;
				INFOPLIST_FILE = demoapp/Info.plist;
				LD_RUNPATH_SEARCH_PATHS = "$(inherited) @executable_path/Frameworks";
				OTHER_LDFLAGS = (
					"$(inherited)",
					"-ObjC",
					"-lc++",
				);
				PRODUCT_BUNDLE_IDENTIFIER = "org.reactjs.native.example.$(PRODUCT_NAME:rfc1034identifier)";
				PRODUCT_NAME = demoapp;
				SWIFT_OPTIMIZATION_LEVEL = "-Onone";
				SWIFT_VERSION = 5.0;
				VERSIONING_SYSTEM = "apple-generic";
			};
			name = Debug;
		};
		13B07F951A680F5B00A75B9A /* Release */ = {
			isa = XCBuildConfiguration;
			baseConfigurationReference = 8DE4DC57646607077082B95E /* Pods-demoapp.release.xcconfig */;
			buildSettings = {
				ASSETCATALOG_COMPILER_APPICON_NAME = AppIcon;
				CLANG_ENABLE_MODULES = YES;
				CURRENT_PROJECT_VERSION = 1;
				INFOPLIST_FILE = demoapp/Info.plist;
				LD_RUNPATH_SEARCH_PATHS = "$(inherited) @executable_path/Frameworks";
				OTHER_LDFLAGS = (
					"$(inherited)",
					"-ObjC",
					"-lc++",
				);
				PRODUCT_BUNDLE_IDENTIFIER = "org.reactjs.native.example.$(PRODUCT_NAME:rfc1034identifier)";
				PRODUCT_NAME = demoapp;
				SWIFT_VERSION = 5.0;
				VERSIONING_SYSTEM = "apple-generic";
			};
			name = Release;
		};
		2D02E4971E0B4A5E006451C7 /* Debug */ = {
			isa = XCBuildConfiguration;
			baseConfigurationReference = 50FD608A2800E48EDBB476A6 /* Pods-demoapp-tvOS.debug.xcconfig */;
			buildSettings = {
				ASSETCATALOG_COMPILER_APPICON_NAME = "App Icon & Top Shelf Image";
				ASSETCATALOG_COMPILER_LAUNCHIMAGE_NAME = LaunchImage;
				CLANG_ANALYZER_NONNULL = YES;
				CLANG_WARN_DOCUMENTATION_COMMENTS = YES;
				CLANG_WARN_INFINITE_RECURSION = YES;
				CLANG_WARN_SUSPICIOUS_MOVE = YES;
				DEBUG_INFORMATION_FORMAT = dwarf;
				ENABLE_TESTABILITY = YES;
				GCC_NO_COMMON_BLOCKS = YES;
				INFOPLIST_FILE = "demoapp-tvOS/Info.plist";
				LD_RUNPATH_SEARCH_PATHS = "$(inherited) @executable_path/Frameworks";
				OTHER_LDFLAGS = (
					"$(inherited)",
					"-ObjC",
					"-lc++",
				);
				PRODUCT_BUNDLE_IDENTIFIER = "org.reactjs.native.example.demoapp-tvOS";
				PRODUCT_NAME = "$(TARGET_NAME)";
				SDKROOT = appletvos;
				TARGETED_DEVICE_FAMILY = 3;
				TVOS_DEPLOYMENT_TARGET = 10.0;
			};
			name = Debug;
		};
		2D02E4981E0B4A5E006451C7 /* Release */ = {
			isa = XCBuildConfiguration;
			baseConfigurationReference = 73F5549D59B484F0652BEEF0 /* Pods-demoapp-tvOS.release.xcconfig */;
			buildSettings = {
				ASSETCATALOG_COMPILER_APPICON_NAME = "App Icon & Top Shelf Image";
				ASSETCATALOG_COMPILER_LAUNCHIMAGE_NAME = LaunchImage;
				CLANG_ANALYZER_NONNULL = YES;
				CLANG_WARN_DOCUMENTATION_COMMENTS = YES;
				CLANG_WARN_INFINITE_RECURSION = YES;
				CLANG_WARN_SUSPICIOUS_MOVE = YES;
				COPY_PHASE_STRIP = NO;
				DEBUG_INFORMATION_FORMAT = "dwarf-with-dsym";
				GCC_NO_COMMON_BLOCKS = YES;
				INFOPLIST_FILE = "demoapp-tvOS/Info.plist";
				LD_RUNPATH_SEARCH_PATHS = "$(inherited) @executable_path/Frameworks";
				OTHER_LDFLAGS = (
					"$(inherited)",
					"-ObjC",
					"-lc++",
				);
				PRODUCT_BUNDLE_IDENTIFIER = "org.reactjs.native.example.demoapp-tvOS";
				PRODUCT_NAME = "$(TARGET_NAME)";
				SDKROOT = appletvos;
				TARGETED_DEVICE_FAMILY = 3;
				TVOS_DEPLOYMENT_TARGET = 10.0;
			};
			name = Release;
		};
		2D02E4991E0B4A5E006451C7 /* Debug */ = {
			isa = XCBuildConfiguration;
			baseConfigurationReference = 0F3D9FE11198A8A1B20CD5DA /* Pods-demoapp-tvOSTests.debug.xcconfig */;
			buildSettings = {
				BUNDLE_LOADER = "$(TEST_HOST)";
				CLANG_ANALYZER_NONNULL = YES;
				CLANG_WARN_DOCUMENTATION_COMMENTS = YES;
				CLANG_WARN_INFINITE_RECURSION = YES;
				CLANG_WARN_SUSPICIOUS_MOVE = YES;
				DEBUG_INFORMATION_FORMAT = dwarf;
				ENABLE_TESTABILITY = YES;
				GCC_NO_COMMON_BLOCKS = YES;
				INFOPLIST_FILE = "demoapp-tvOSTests/Info.plist";
				LD_RUNPATH_SEARCH_PATHS = "$(inherited) @executable_path/Frameworks @loader_path/Frameworks";
				OTHER_LDFLAGS = (
					"$(inherited)",
					"-ObjC",
					"-lc++",
				);
				PRODUCT_BUNDLE_IDENTIFIER = "org.reactjs.native.example.demoapp-tvOSTests";
				PRODUCT_NAME = "$(TARGET_NAME)";
				SDKROOT = appletvos;
				TEST_HOST = "$(BUILT_PRODUCTS_DIR)/demoapp-tvOS.app/demoapp-tvOS";
				TVOS_DEPLOYMENT_TARGET = 10.1;
			};
			name = Debug;
		};
		2D02E49A1E0B4A5E006451C7 /* Release */ = {
			isa = XCBuildConfiguration;
			baseConfigurationReference = 7D2598DDA0298C894F76CFF5 /* Pods-demoapp-tvOSTests.release.xcconfig */;
			buildSettings = {
				BUNDLE_LOADER = "$(TEST_HOST)";
				CLANG_ANALYZER_NONNULL = YES;
				CLANG_WARN_DOCUMENTATION_COMMENTS = YES;
				CLANG_WARN_INFINITE_RECURSION = YES;
				CLANG_WARN_SUSPICIOUS_MOVE = YES;
				COPY_PHASE_STRIP = NO;
				DEBUG_INFORMATION_FORMAT = "dwarf-with-dsym";
				GCC_NO_COMMON_BLOCKS = YES;
				INFOPLIST_FILE = "demoapp-tvOSTests/Info.plist";
				LD_RUNPATH_SEARCH_PATHS = "$(inherited) @executable_path/Frameworks @loader_path/Frameworks";
				OTHER_LDFLAGS = (
					"$(inherited)",
					"-ObjC",
					"-lc++",
				);
				PRODUCT_BUNDLE_IDENTIFIER = "org.reactjs.native.example.demoapp-tvOSTests";
				PRODUCT_NAME = "$(TARGET_NAME)";
				SDKROOT = appletvos;
				TEST_HOST = "$(BUILT_PRODUCTS_DIR)/demoapp-tvOS.app/demoapp-tvOS";
				TVOS_DEPLOYMENT_TARGET = 10.1;
			};
			name = Release;
		};
		83CBBA201A601CBA00E9B192 /* Debug */ = {
			isa = XCBuildConfiguration;
			buildSettings = {
				ALWAYS_SEARCH_USER_PATHS = NO;
				CLANG_ANALYZER_LOCALIZABILITY_NONLOCALIZED = YES;
				CLANG_CXX_LANGUAGE_STANDARD = "gnu++0x";
				CLANG_CXX_LIBRARY = "libc++";
				CLANG_ENABLE_MODULES = YES;
				CLANG_ENABLE_OBJC_ARC = YES;
				CLANG_WARN_BLOCK_CAPTURE_AUTORELEASING = YES;
				CLANG_WARN_BOOL_CONVERSION = YES;
				CLANG_WARN_COMMA = YES;
				CLANG_WARN_CONSTANT_CONVERSION = YES;
				CLANG_WARN_DEPRECATED_OBJC_IMPLEMENTATIONS = YES;
				CLANG_WARN_DIRECT_OBJC_ISA_USAGE = YES_ERROR;
				CLANG_WARN_EMPTY_BODY = YES;
				CLANG_WARN_ENUM_CONVERSION = YES;
				CLANG_WARN_INFINITE_RECURSION = YES;
				CLANG_WARN_INT_CONVERSION = YES;
				CLANG_WARN_NON_LITERAL_NULL_CONVERSION = YES;
				CLANG_WARN_OBJC_IMPLICIT_RETAIN_SELF = YES;
				CLANG_WARN_OBJC_LITERAL_CONVERSION = YES;
				CLANG_WARN_OBJC_ROOT_CLASS = YES_ERROR;
				CLANG_WARN_RANGE_LOOP_ANALYSIS = YES;
				CLANG_WARN_STRICT_PROTOTYPES = YES;
				CLANG_WARN_SUSPICIOUS_MOVE = YES;
				CLANG_WARN_UNREACHABLE_CODE = YES;
				CLANG_WARN__DUPLICATE_METHOD_MATCH = YES;
				"CODE_SIGN_IDENTITY[sdk=iphoneos*]" = "iPhone Developer";
				COPY_PHASE_STRIP = NO;
				ENABLE_STRICT_OBJC_MSGSEND = YES;
				ENABLE_TESTABILITY = YES;
				GCC_C_LANGUAGE_STANDARD = gnu99;
				GCC_DYNAMIC_NO_PIC = NO;
				GCC_NO_COMMON_BLOCKS = YES;
				GCC_OPTIMIZATION_LEVEL = 0;
				GCC_PREPROCESSOR_DEFINITIONS = (
					"DEBUG=1",
					"$(inherited)",
				);
				GCC_SYMBOLS_PRIVATE_EXTERN = NO;
				GCC_WARN_64_TO_32_BIT_CONVERSION = YES;
				GCC_WARN_ABOUT_RETURN_TYPE = YES_ERROR;
				GCC_WARN_UNDECLARED_SELECTOR = YES;
				GCC_WARN_UNINITIALIZED_AUTOS = YES_AGGRESSIVE;
				GCC_WARN_UNUSED_FUNCTION = YES;
				GCC_WARN_UNUSED_VARIABLE = YES;
				IPHONEOS_DEPLOYMENT_TARGET = 10.0;
				LD_RUNPATH_SEARCH_PATHS = "/usr/lib/swift $(inherited)";
				LIBRARY_SEARCH_PATHS = (
					"\"$(TOOLCHAIN_DIR)/usr/lib/swift/$(PLATFORM_NAME)\"",
					"\"$(TOOLCHAIN_DIR)/usr/lib/swift-5.0/$(PLATFORM_NAME)\"",
					"\"$(inherited)\"",
				);
				MTL_ENABLE_DEBUG_INFO = YES;
				ONLY_ACTIVE_ARCH = YES;
				SDKROOT = iphoneos;
			};
			name = Debug;
		};
		83CBBA211A601CBA00E9B192 /* Release */ = {
			isa = XCBuildConfiguration;
			buildSettings = {
				ALWAYS_SEARCH_USER_PATHS = NO;
				CLANG_ANALYZER_LOCALIZABILITY_NONLOCALIZED = YES;
				CLANG_CXX_LANGUAGE_STANDARD = "gnu++0x";
				CLANG_CXX_LIBRARY = "libc++";
				CLANG_ENABLE_MODULES = YES;
				CLANG_ENABLE_OBJC_ARC = YES;
				CLANG_WARN_BLOCK_CAPTURE_AUTORELEASING = YES;
				CLANG_WARN_BOOL_CONVERSION = YES;
				CLANG_WARN_COMMA = YES;
				CLANG_WARN_CONSTANT_CONVERSION = YES;
				CLANG_WARN_DEPRECATED_OBJC_IMPLEMENTATIONS = YES;
				CLANG_WARN_DIRECT_OBJC_ISA_USAGE = YES_ERROR;
				CLANG_WARN_EMPTY_BODY = YES;
				CLANG_WARN_ENUM_CONVERSION = YES;
				CLANG_WARN_INFINITE_RECURSION = YES;
				CLANG_WARN_INT_CONVERSION = YES;
				CLANG_WARN_NON_LITERAL_NULL_CONVERSION = YES;
				CLANG_WARN_OBJC_IMPLICIT_RETAIN_SELF = YES;
				CLANG_WARN_OBJC_LITERAL_CONVERSION = YES;
				CLANG_WARN_OBJC_ROOT_CLASS = YES_ERROR;
				CLANG_WARN_RANGE_LOOP_ANALYSIS = YES;
				CLANG_WARN_STRICT_PROTOTYPES = YES;
				CLANG_WARN_SUSPICIOUS_MOVE = YES;
				CLANG_WARN_UNREACHABLE_CODE = YES;
				CLANG_WARN__DUPLICATE_METHOD_MATCH = YES;
				"CODE_SIGN_IDENTITY[sdk=iphoneos*]" = "iPhone Developer";
				COPY_PHASE_STRIP = YES;
				ENABLE_NS_ASSERTIONS = NO;
				ENABLE_STRICT_OBJC_MSGSEND = YES;
				GCC_C_LANGUAGE_STANDARD = gnu99;
				GCC_NO_COMMON_BLOCKS = YES;
				GCC_WARN_64_TO_32_BIT_CONVERSION = YES;
				GCC_WARN_ABOUT_RETURN_TYPE = YES_ERROR;
				GCC_WARN_UNDECLARED_SELECTOR = YES;
				GCC_WARN_UNINITIALIZED_AUTOS = YES_AGGRESSIVE;
				GCC_WARN_UNUSED_FUNCTION = YES;
				GCC_WARN_UNUSED_VARIABLE = YES;
				IPHONEOS_DEPLOYMENT_TARGET = 10.0;
				LD_RUNPATH_SEARCH_PATHS = "/usr/lib/swift $(inherited)";
				LIBRARY_SEARCH_PATHS = (
					"\"$(TOOLCHAIN_DIR)/usr/lib/swift/$(PLATFORM_NAME)\"",
					"\"$(TOOLCHAIN_DIR)/usr/lib/swift-5.0/$(PLATFORM_NAME)\"",
					"\"$(inherited)\"",
				);
				MTL_ENABLE_DEBUG_INFO = NO;
				SDKROOT = iphoneos;
				VALIDATE_PRODUCT = YES;
			};
			name = Release;
		};
/* End XCBuildConfiguration section */

/* Begin XCConfigurationList section */
		00E357021AD99517003FC87E /* Build configuration list for PBXNativeTarget "demoappTests" */ = {
			isa = XCConfigurationList;
			buildConfigurations = (
				00E356F61AD99517003FC87E /* Debug */,
				00E356F71AD99517003FC87E /* Release */,
			);
			defaultConfigurationIsVisible = 0;
			defaultConfigurationName = Release;
		};
		13B07F931A680F5B00A75B9A /* Build configuration list for PBXNativeTarget "demoapp" */ = {
			isa = XCConfigurationList;
			buildConfigurations = (
				13B07F941A680F5B00A75B9A /* Debug */,
				13B07F951A680F5B00A75B9A /* Release */,
			);
			defaultConfigurationIsVisible = 0;
			defaultConfigurationName = Release;
		};
		2D02E4BA1E0B4A5E006451C7 /* Build configuration list for PBXNativeTarget "demoapp-tvOS" */ = {
			isa = XCConfigurationList;
			buildConfigurations = (
				2D02E4971E0B4A5E006451C7 /* Debug */,
				2D02E4981E0B4A5E006451C7 /* Release */,
			);
			defaultConfigurationIsVisible = 0;
			defaultConfigurationName = Release;
		};
		2D02E4BB1E0B4A5E006451C7 /* Build configuration list for PBXNativeTarget "demoapp-tvOSTests" */ = {
			isa = XCConfigurationList;
			buildConfigurations = (
				2D02E4991E0B4A5E006451C7 /* Debug */,
				2D02E49A1E0B4A5E006451C7 /* Release */,
			);
			defaultConfigurationIsVisible = 0;
			defaultConfigurationName = Release;
		};
		83CBB9FA1A601CBA00E9B192 /* Build configuration list for PBXProject "demoapp" */ = {
			isa = XCConfigurationList;
			buildConfigurations = (
				83CBBA201A601CBA00E9B192 /* Debug */,
				83CBBA211A601CBA00E9B192 /* Release */,
			);
			defaultConfigurationIsVisible = 0;
			defaultConfigurationName = Release;
		};
/* End XCConfigurationList section */
	};
	rootObject = 83CBB9F71A601CBA00E9B192 /* Project object */;
}
